PODS:
  - Google-Mobile-Ads-SDK (7.19.0)
  - SwiftKeychainWrapper (3.0.1)

DEPENDENCIES:
  - Google-Mobile-Ads-SDK
  - SwiftKeychainWrapper

SPEC CHECKSUMS:
  Google-Mobile-Ads-SDK: d1bcdbd8347a105a687345b8511701172a5074e9
  SwiftKeychainWrapper: 38952a3636320ae61bad3513cadd870929de7a4a

PODFILE CHECKSUM: 3562a5fa2c7312dabbae1e19557d798a6c2cce34

COCOAPODS: 1.2.0
