PODS:
  - Alamofire (4.5.0)
  - Google-Mobile-Ads-SDK (7.21.0)
  - Siren (2.0.6)
  - SwiftKeychainWrapper (3.0.1)

DEPENDENCIES:
  - Alamofire
  - Google-Mobile-Ads-SDK
  - Siren
  - SwiftKeychainWrapper

SPEC CHECKSUMS:
  Alamofire: f28cdffd29de33a7bfa022cbd63ae95a27fae140
  Google-Mobile-Ads-SDK: 4a6f1b43c8cc0e1e95a3b59d9f52a01671c6f9f3
  Siren: fae83cda4d08373982313ba64873035e7c1bab40
  SwiftKeychainWrapper: 38952a3636320ae61bad3513cadd870929de7a4a

PODFILE CHECKSUM: 2b0fa1be43497ad97a68be4468c733668146bb1b

COCOAPODS: 1.3.0.beta.2
