// !$*UTF8*$!
{
	archiveVersion = 1;
	classes = {
	};
	objectVersion = 46;
	objects = {

/* Begin PBXBuildFile section */
		92809430279CD09F96AADDE7 /* Pods_MeowlWatch_Widget.framework in Frameworks */ = {isa = PBXBuildFile; fileRef = AC94746EA8545263E1BBE0F3 /* Pods_MeowlWatch_Widget.framework */; };
		AB7782D31E8242B000925F72 /* NotificationCenter.framework in Frameworks */ = {isa = PBXBuildFile; fileRef = AB7782D21E8242B000925F72 /* NotificationCenter.framework */; };
		AB7782E31E83C18900925F72 /* TodayViewController.swift in Sources */ = {isa = PBXBuildFile; fileRef = AB7782E21E83C18900925F72 /* TodayViewController.swift */; };
		AB7782EE1E83C1AD00925F72 /* MainInterface.storyboard in Resources */ = {isa = PBXBuildFile; fileRef = AB7782EC1E83C1AD00925F72 /* MainInterface.storyboard */; };
		AB7782F61E83E44800925F72 /* Datastore.swift in Sources */ = {isa = PBXBuildFile; fileRef = AB7782B81E8107FB00925F72 /* Datastore.swift */; };
		AB7782F71E83E4F700925F72 /* QueryResult.swift in Sources */ = {isa = PBXBuildFile; fileRef = AB7782B91E8107FB00925F72 /* QueryResult.swift */; };
		AB7782FD1E84460B00925F72 /* QueryResult.swift in Sources */ = {isa = PBXBuildFile; fileRef = AB7782B91E8107FB00925F72 /* QueryResult.swift */; };
		AB7782FE1E84460B00925F72 /* SettingsTableViewController.swift in Sources */ = {isa = PBXBuildFile; fileRef = AB7782F11E83CCD100925F72 /* SettingsTableViewController.swift */; };
		AB7782FF1E84460B00925F72 /* AppDelegate.swift in Sources */ = {isa = PBXBuildFile; fileRef = AB7782B71E8107FB00925F72 /* AppDelegate.swift */; };
		AB7783001E84460B00925F72 /* Datastore.swift in Sources */ = {isa = PBXBuildFile; fileRef = AB7782B81E8107FB00925F72 /* Datastore.swift */; };
		AB7783011E84460B00925F72 /* TableViewController.swift in Sources */ = {isa = PBXBuildFile; fileRef = AB7782BA1E8107FB00925F72 /* TableViewController.swift */; };
		AB7783051E84460B00925F72 /* AdMobKeys-Debug.plist in Resources */ = {isa = PBXBuildFile; fileRef = AB7782C81E8203EF00925F72 /* AdMobKeys-Debug.plist */; };
		AB7783061E84460B00925F72 /* LaunchScreen.storyboard in Resources */ = {isa = PBXBuildFile; fileRef = AB7782C21E81084F00925F72 /* LaunchScreen.storyboard */; };
		AB7783071E84460B00925F72 /* Assets.xcassets in Resources */ = {isa = PBXBuildFile; fileRef = AB7782C61E81087D00925F72 /* Assets.xcassets */; };
		AB7783081E84460B00925F72 /* Main.storyboard in Resources */ = {isa = PBXBuildFile; fileRef = AB7782BF1E81083D00925F72 /* Main.storyboard */; };
		AB7783091E84460B00925F72 /* AdMobKeys-Release.plist in Resources */ = {isa = PBXBuildFile; fileRef = AB7782CA1E82062900925F72 /* AdMobKeys-Release.plist */; };
		AB77830D1E84460B00925F72 /* MeowlWatch Widget.appex in Embed App Extensions */ = {isa = PBXBuildFile; fileRef = AB7782D11E8242B000925F72 /* MeowlWatch Widget.appex */; settings = {ATTRIBUTES = (RemoveHeadersOnCopy, ); }; };
		ABA9714B1E898ADB001A6AD8 /* StoreKit.framework in Frameworks */ = {isa = PBXBuildFile; fileRef = ABA9714A1E898ADB001A6AD8 /* StoreKit.framework */; };
		CF9C3B860C8ACC73878B1928 /* Pods_MeowlWatch.framework in Frameworks */ = {isa = PBXBuildFile; fileRef = 7C6D8D6B610A9B74C9EC1B96 /* Pods_MeowlWatch.framework */; };
/* End PBXBuildFile section */

/* Begin PBXContainerItemProxy section */
		AB7782FA1E84460B00925F72 /* PBXContainerItemProxy */ = {
			isa = PBXContainerItemProxy;
			containerPortal = AB27C1DA1E7CCCAC00A90072 /* Project object */;
			proxyType = 1;
			remoteGlobalIDString = AB7782D01E8242B000925F72;
			remoteInfo = MeowlWatchToday;
		};
/* End PBXContainerItemProxy section */

/* Begin PBXCopyFilesBuildPhase section */
		AB77830C1E84460B00925F72 /* Embed App Extensions */ = {
			isa = PBXCopyFilesBuildPhase;
			buildActionMask = 2147483647;
			dstPath = "";
			dstSubfolderSpec = 13;
			files = (
				AB77830D1E84460B00925F72 /* MeowlWatch Widget.appex in Embed App Extensions */,
			);
			name = "Embed App Extensions";
			runOnlyForDeploymentPostprocessing = 0;
		};
/* End PBXCopyFilesBuildPhase section */

/* Begin PBXFileReference section */
		09B9EC67070FFC4B6E476599 /* Pods-MeowlWatch Widget.release.xcconfig */ = {isa = PBXFileReference; includeInIndex = 1; lastKnownFileType = text.xcconfig; name = "Pods-MeowlWatch Widget.release.xcconfig"; path = "Pods/Target Support Files/Pods-MeowlWatch Widget/Pods-MeowlWatch Widget.release.xcconfig"; sourceTree = "<group>"; };
		207FF311151D28D56CE8C835 /* Pods-MeowlWatch.debug.xcconfig */ = {isa = PBXFileReference; includeInIndex = 1; lastKnownFileType = text.xcconfig; name = "Pods-MeowlWatch.debug.xcconfig"; path = "Pods/Target Support Files/Pods-MeowlWatch/Pods-MeowlWatch.debug.xcconfig"; sourceTree = "<group>"; };
		7C6D8D6B610A9B74C9EC1B96 /* Pods_MeowlWatch.framework */ = {isa = PBXFileReference; explicitFileType = wrapper.framework; includeInIndex = 0; path = Pods_MeowlWatch.framework; sourceTree = BUILT_PRODUCTS_DIR; };
		AB27C1F11E7CCCAC00A90072 /* Info.plist */ = {isa = PBXFileReference; lastKnownFileType = text.plist; name = Info.plist; path = MeowlWatch/Info.plist; sourceTree = "<group>"; };
		AB7782B71E8107FB00925F72 /* AppDelegate.swift */ = {isa = PBXFileReference; fileEncoding = 4; lastKnownFileType = sourcecode.swift; name = AppDelegate.swift; path = MeowlWatch/AppDelegate.swift; sourceTree = SOURCE_ROOT; };
		AB7782B81E8107FB00925F72 /* Datastore.swift */ = {isa = PBXFileReference; fileEncoding = 4; lastKnownFileType = sourcecode.swift; name = Datastore.swift; path = MeowlWatch/Datastore.swift; sourceTree = SOURCE_ROOT; };
		AB7782B91E8107FB00925F72 /* QueryResult.swift */ = {isa = PBXFileReference; fileEncoding = 4; lastKnownFileType = sourcecode.swift; name = QueryResult.swift; path = MeowlWatch/QueryResult.swift; sourceTree = SOURCE_ROOT; };
		AB7782BA1E8107FB00925F72 /* TableViewController.swift */ = {isa = PBXFileReference; fileEncoding = 4; lastKnownFileType = sourcecode.swift; name = TableViewController.swift; path = MeowlWatch/TableViewController.swift; sourceTree = SOURCE_ROOT; };
		AB7782C01E81083D00925F72 /* Base */ = {isa = PBXFileReference; lastKnownFileType = file.storyboard; name = Base; path = MeowlWatch/Base.lproj/Main.storyboard; sourceTree = SOURCE_ROOT; };
		AB7782C31E81084F00925F72 /* Base */ = {isa = PBXFileReference; lastKnownFileType = file.storyboard; name = Base; path = MeowlWatch/Base.lproj/LaunchScreen.storyboard; sourceTree = SOURCE_ROOT; };
		AB7782C61E81087D00925F72 /* Assets.xcassets */ = {isa = PBXFileReference; lastKnownFileType = folder.assetcatalog; name = Assets.xcassets; path = MeowlWatch/Assets.xcassets; sourceTree = SOURCE_ROOT; };
		AB7782C81E8203EF00925F72 /* AdMobKeys-Debug.plist */ = {isa = PBXFileReference; fileEncoding = 4; lastKnownFileType = text.plist.xml; name = "AdMobKeys-Debug.plist"; path = "MeowlWatch/AdMobKeys-Debug.plist"; sourceTree = SOURCE_ROOT; };
		AB7782CA1E82062900925F72 /* AdMobKeys-Release.plist */ = {isa = PBXFileReference; fileEncoding = 4; lastKnownFileType = text.plist.xml; name = "AdMobKeys-Release.plist"; path = "MeowlWatch/AdMobKeys-Release.plist"; sourceTree = SOURCE_ROOT; };
		AB7782CC1E82085900925F72 /* .gitignore */ = {isa = PBXFileReference; lastKnownFileType = text; path = .gitignore; sourceTree = "<group>"; };
		AB7782D11E8242B000925F72 /* MeowlWatch Widget.appex */ = {isa = PBXFileReference; explicitFileType = "wrapper.app-extension"; includeInIndex = 0; path = "MeowlWatch Widget.appex"; sourceTree = BUILT_PRODUCTS_DIR; };
		AB7782D21E8242B000925F72 /* NotificationCenter.framework */ = {isa = PBXFileReference; lastKnownFileType = wrapper.framework; name = NotificationCenter.framework; path = System/Library/Frameworks/NotificationCenter.framework; sourceTree = SDKROOT; };
		AB7782E21E83C18900925F72 /* TodayViewController.swift */ = {isa = PBXFileReference; fileEncoding = 4; lastKnownFileType = sourcecode.swift; name = TodayViewController.swift; path = "MeowlWatch Widget/TodayViewController.swift"; sourceTree = SOURCE_ROOT; };
		AB7782ED1E83C1AD00925F72 /* Base */ = {isa = PBXFileReference; lastKnownFileType = file.storyboard; name = Base; path = "MeowlWatch Widget/Base.lproj/MainInterface.storyboard"; sourceTree = SOURCE_ROOT; };
		AB7782EF1E83C1CC00925F72 /* Info.plist */ = {isa = PBXFileReference; fileEncoding = 4; lastKnownFileType = text.plist.xml; name = Info.plist; path = "MeowlWatch Widget/Info.plist"; sourceTree = SOURCE_ROOT; };
		AB7782F11E83CCD100925F72 /* SettingsTableViewController.swift */ = {isa = PBXFileReference; fileEncoding = 4; lastKnownFileType = sourcecode.swift; name = SettingsTableViewController.swift; path = MeowlWatch/SettingsTableViewController.swift; sourceTree = SOURCE_ROOT; };
		AB7782F41E83D99600925F72 /* MeowlWatch.entitlements */ = {isa = PBXFileReference; lastKnownFileType = text.plist.entitlements; name = MeowlWatch.entitlements; path = MeowlWatch/MeowlWatch.entitlements; sourceTree = SOURCE_ROOT; };
		AB7782F51E83DA4F00925F72 /* MeowlWatch Widget.entitlements */ = {isa = PBXFileReference; lastKnownFileType = text.plist.entitlements; name = "MeowlWatch Widget.entitlements"; path = "MeowlWatch Widget/MeowlWatch Widget.entitlements"; sourceTree = SOURCE_ROOT; };
		AB7783111E84460B00925F72 /* MeowlWatch.app */ = {isa = PBXFileReference; explicitFileType = wrapper.application; includeInIndex = 0; path = MeowlWatch.app; sourceTree = BUILT_PRODUCTS_DIR; };
		ABA9714A1E898ADB001A6AD8 /* StoreKit.framework */ = {isa = PBXFileReference; lastKnownFileType = wrapper.framework; name = StoreKit.framework; path = System/Library/Frameworks/StoreKit.framework; sourceTree = SDKROOT; };
		AC94746EA8545263E1BBE0F3 /* Pods_MeowlWatch_Widget.framework */ = {isa = PBXFileReference; explicitFileType = wrapper.framework; includeInIndex = 0; path = Pods_MeowlWatch_Widget.framework; sourceTree = BUILT_PRODUCTS_DIR; };
		B896B6F89D7893FA5FE441AB /* Pods-MeowlWatch Widget.debug.xcconfig */ = {isa = PBXFileReference; includeInIndex = 1; lastKnownFileType = text.xcconfig; name = "Pods-MeowlWatch Widget.debug.xcconfig"; path = "Pods/Target Support Files/Pods-MeowlWatch Widget/Pods-MeowlWatch Widget.debug.xcconfig"; sourceTree = "<group>"; };
		F42CA8E0306E5BC32F033E35 /* Pods-MeowlWatch.release.xcconfig */ = {isa = PBXFileReference; includeInIndex = 1; lastKnownFileType = text.xcconfig; name = "Pods-MeowlWatch.release.xcconfig"; path = "Pods/Target Support Files/Pods-MeowlWatch/Pods-MeowlWatch.release.xcconfig"; sourceTree = "<group>"; };
/* End PBXFileReference section */

/* Begin PBXFrameworksBuildPhase section */
		AB7782CE1E8242B000925F72 /* Frameworks */ = {
			isa = PBXFrameworksBuildPhase;
			buildActionMask = 2147483647;
			files = (
				AB7782D31E8242B000925F72 /* NotificationCenter.framework in Frameworks */,
				92809430279CD09F96AADDE7 /* Pods_MeowlWatch_Widget.framework in Frameworks */,
			);
			runOnlyForDeploymentPostprocessing = 0;
		};
		AB7783021E84460B00925F72 /* Frameworks */ = {
			isa = PBXFrameworksBuildPhase;
			buildActionMask = 2147483647;
			files = (
				CF9C3B860C8ACC73878B1928 /* Pods_MeowlWatch.framework in Frameworks */,
				ABA9714B1E898ADB001A6AD8 /* StoreKit.framework in Frameworks */,
			);
			runOnlyForDeploymentPostprocessing = 0;
		};
/* End PBXFrameworksBuildPhase section */

/* Begin PBXGroup section */
		9569A7D3A1BF4D6D13048F97 /* Pods */ = {
			isa = PBXGroup;
			children = (
				207FF311151D28D56CE8C835 /* Pods-MeowlWatch.debug.xcconfig */,
				F42CA8E0306E5BC32F033E35 /* Pods-MeowlWatch.release.xcconfig */,
				B896B6F89D7893FA5FE441AB /* Pods-MeowlWatch Widget.debug.xcconfig */,
				09B9EC67070FFC4B6E476599 /* Pods-MeowlWatch Widget.release.xcconfig */,
			);
			name = Pods;
			sourceTree = "<group>";
		};
		AB27C1D91E7CCCAC00A90072 = {
			isa = PBXGroup;
			children = (
				AB7782CC1E82085900925F72 /* .gitignore */,
				AB27C1E41E7CCCAC00A90072 /* MeowlWatch */,
				AB7782D41E8242B000925F72 /* MeowlWatch Widget */,
				AB27C1E31E7CCCAC00A90072 /* Products */,
				AB27C1FB1E7E0E3500A90072 /* Frameworks */,
				9569A7D3A1BF4D6D13048F97 /* Pods */,
			);
			sourceTree = "<group>";
		};
		AB27C1E31E7CCCAC00A90072 /* Products */ = {
			isa = PBXGroup;
			children = (
				AB7782D11E8242B000925F72 /* MeowlWatch Widget.appex */,
				AB7783111E84460B00925F72 /* MeowlWatch.app */,
			);
			name = Products;
			sourceTree = "<group>";
		};
		AB27C1E41E7CCCAC00A90072 /* MeowlWatch */ = {
			isa = PBXGroup;
			children = (
				AB7782B71E8107FB00925F72 /* AppDelegate.swift */,
				AB7782BA1E8107FB00925F72 /* TableViewController.swift */,
				AB7782F11E83CCD100925F72 /* SettingsTableViewController.swift */,
				AB7782B81E8107FB00925F72 /* Datastore.swift */,
				AB7782B91E8107FB00925F72 /* QueryResult.swift */,
				AB7782BF1E81083D00925F72 /* Main.storyboard */,
				AB7782C61E81087D00925F72 /* Assets.xcassets */,
				AB7782C21E81084F00925F72 /* LaunchScreen.storyboard */,
				AB27C1F11E7CCCAC00A90072 /* Info.plist */,
				AB7782C81E8203EF00925F72 /* AdMobKeys-Debug.plist */,
				AB7782CA1E82062900925F72 /* AdMobKeys-Release.plist */,
				AB7782F41E83D99600925F72 /* MeowlWatch.entitlements */,
			);
			name = MeowlWatch;
			path = "NU Points";
			sourceTree = "<group>";
		};
		AB27C1FB1E7E0E3500A90072 /* Frameworks */ = {
			isa = PBXGroup;
			children = (
				ABA9714A1E898ADB001A6AD8 /* StoreKit.framework */,
				7C6D8D6B610A9B74C9EC1B96 /* Pods_MeowlWatch.framework */,
				AB7782D21E8242B000925F72 /* NotificationCenter.framework */,
				AC94746EA8545263E1BBE0F3 /* Pods_MeowlWatch_Widget.framework */,
			);
			name = Frameworks;
			sourceTree = "<group>";
		};
		AB7782D41E8242B000925F72 /* MeowlWatch Widget */ = {
			isa = PBXGroup;
			children = (
				AB7782E21E83C18900925F72 /* TodayViewController.swift */,
				AB7782EC1E83C1AD00925F72 /* MainInterface.storyboard */,
				AB7782EF1E83C1CC00925F72 /* Info.plist */,
				AB7782F51E83DA4F00925F72 /* MeowlWatch Widget.entitlements */,
			);
			name = "MeowlWatch Widget";
			path = MeowlWatchToday;
			sourceTree = "<group>";
		};
/* End PBXGroup section */

/* Begin PBXNativeTarget section */
		AB7782D01E8242B000925F72 /* MeowlWatch Widget */ = {
			isa = PBXNativeTarget;
			buildConfigurationList = AB7782DE1E8242B000925F72 /* Build configuration list for PBXNativeTarget "MeowlWatch Widget" */;
			buildPhases = (
				82DA28C773478B52B844974D /* [CP] Check Pods Manifest.lock */,
				AB7782CD1E8242B000925F72 /* Sources */,
				AB7782CE1E8242B000925F72 /* Frameworks */,
				AB7782CF1E8242B000925F72 /* Resources */,
				0F871CCA3CAA594945BF7EEA /* [CP] Copy Pods Resources */,
			);
			buildRules = (
			);
			dependencies = (
			);
			name = "MeowlWatch Widget";
			productName = MeowlWatchToday;
			productReference = AB7782D11E8242B000925F72 /* MeowlWatch Widget.appex */;
			productType = "com.apple.product-type.app-extension";
		};
		AB7782F81E84460B00925F72 /* MeowlWatch */ = {
			isa = PBXNativeTarget;
			buildConfigurationList = AB77830E1E84460B00925F72 /* Build configuration list for PBXNativeTarget "MeowlWatch" */;
			buildPhases = (
				AB7782FB1E84460B00925F72 /* [CP] Check Pods Manifest.lock */,
				AB7782FC1E84460B00925F72 /* Sources */,
				AB7783021E84460B00925F72 /* Frameworks */,
				AB7783041E84460B00925F72 /* Resources */,
				AB77830A1E84460B00925F72 /* [CP] Embed Pods Frameworks */,
				AB77830B1E84460B00925F72 /* [CP] Copy Pods Resources */,
				AB77830C1E84460B00925F72 /* Embed App Extensions */,
			);
			buildRules = (
			);
			dependencies = (
				AB7782F91E84460B00925F72 /* PBXTargetDependency */,
			);
			name = MeowlWatch;
			productName = "NU Points";
			productReference = AB7783111E84460B00925F72 /* MeowlWatch.app */;
			productType = "com.apple.product-type.application";
		};
/* End PBXNativeTarget section */

/* Begin PBXProject section */
		AB27C1DA1E7CCCAC00A90072 /* Project object */ = {
			isa = PBXProject;
			attributes = {
				LastSwiftUpdateCheck = 0820;
				LastUpgradeCheck = 0820;
				ORGANIZATIONNAME = "Jonathan Chan";
				TargetAttributes = {
					AB7782D01E8242B000925F72 = {
						CreatedOnToolsVersion = 8.2.1;
						DevelopmentTeam = 3A2N53KSLM;
						LastSwiftMigration = 0820;
						ProvisioningStyle = Automatic;
						SystemCapabilities = {
							com.apple.ApplicationGroups.iOS = {
								enabled = 1;
							};
						};
					};
					AB7782F81E84460B00925F72 = {
						DevelopmentTeam = 3A2N53KSLM;
						SystemCapabilities = {
							com.apple.ApplicationGroups.iOS = {
								enabled = 1;
							};
							com.apple.InAppPurchase = {
								enabled = 1;
							};
						};
					};
				};
			};
			buildConfigurationList = AB27C1DD1E7CCCAC00A90072 /* Build configuration list for PBXProject "MeowlWatch" */;
			compatibilityVersion = "Xcode 3.2";
			developmentRegion = English;
			hasScannedForEncodings = 0;
			knownRegions = (
				en,
				Base,
			);
			mainGroup = AB27C1D91E7CCCAC00A90072;
			productRefGroup = AB27C1E31E7CCCAC00A90072 /* Products */;
			projectDirPath = "";
			projectRoot = "";
			targets = (
				AB7782F81E84460B00925F72 /* MeowlWatch */,
				AB7782D01E8242B000925F72 /* MeowlWatch Widget */,
			);
		};
/* End PBXProject section */

/* Begin PBXResourcesBuildPhase section */
		AB7782CF1E8242B000925F72 /* Resources */ = {
			isa = PBXResourcesBuildPhase;
			buildActionMask = 2147483647;
			files = (
				AB7782EE1E83C1AD00925F72 /* MainInterface.storyboard in Resources */,
			);
			runOnlyForDeploymentPostprocessing = 0;
		};
		AB7783041E84460B00925F72 /* Resources */ = {
			isa = PBXResourcesBuildPhase;
			buildActionMask = 2147483647;
			files = (
				AB7783051E84460B00925F72 /* AdMobKeys-Debug.plist in Resources */,
				AB7783061E84460B00925F72 /* LaunchScreen.storyboard in Resources */,
				AB7783071E84460B00925F72 /* Assets.xcassets in Resources */,
				AB7783081E84460B00925F72 /* Main.storyboard in Resources */,
				AB7783091E84460B00925F72 /* AdMobKeys-Release.plist in Resources */,
			);
			runOnlyForDeploymentPostprocessing = 0;
		};
/* End PBXResourcesBuildPhase section */

/* Begin PBXShellScriptBuildPhase section */
		0F871CCA3CAA594945BF7EEA /* [CP] Copy Pods Resources */ = {
			isa = PBXShellScriptBuildPhase;
			buildActionMask = 2147483647;
			files = (
			);
			inputPaths = (
			);
			name = "[CP] Copy Pods Resources";
			outputPaths = (
			);
			runOnlyForDeploymentPostprocessing = 0;
			shellPath = /bin/sh;
			shellScript = "\"${SRCROOT}/Pods/Target Support Files/Pods-MeowlWatch Widget/Pods-MeowlWatch Widget-resources.sh\"\n";
			showEnvVarsInLog = 0;
		};
		82DA28C773478B52B844974D /* [CP] Check Pods Manifest.lock */ = {
			isa = PBXShellScriptBuildPhase;
			buildActionMask = 2147483647;
			files = (
			);
			inputPaths = (
			);
			name = "[CP] Check Pods Manifest.lock";
			outputPaths = (
			);
			runOnlyForDeploymentPostprocessing = 0;
			shellPath = /bin/sh;
			shellScript = "diff \"${PODS_ROOT}/../Podfile.lock\" \"${PODS_ROOT}/Manifest.lock\" > /dev/null\nif [ $? != 0 ] ; then\n    # print error to STDERR\n    echo \"error: The sandbox is not in sync with the Podfile.lock. Run 'pod install' or update your CocoaPods installation.\" >&2\n    exit 1\nfi\n";
			showEnvVarsInLog = 0;
		};
		AB7782FB1E84460B00925F72 /* [CP] Check Pods Manifest.lock */ = {
			isa = PBXShellScriptBuildPhase;
			buildActionMask = 2147483647;
			files = (
			);
			inputPaths = (
			);
			name = "[CP] Check Pods Manifest.lock";
			outputPaths = (
			);
			runOnlyForDeploymentPostprocessing = 0;
			shellPath = /bin/sh;
			shellScript = "diff \"${PODS_ROOT}/../Podfile.lock\" \"${PODS_ROOT}/Manifest.lock\" > /dev/null\nif [ $? != 0 ] ; then\n    # print error to STDERR\n    echo \"error: The sandbox is not in sync with the Podfile.lock. Run 'pod install' or update your CocoaPods installation.\" >&2\n    exit 1\nfi\n";
			showEnvVarsInLog = 0;
		};
		AB77830A1E84460B00925F72 /* [CP] Embed Pods Frameworks */ = {
			isa = PBXShellScriptBuildPhase;
			buildActionMask = 2147483647;
			files = (
			);
			inputPaths = (
			);
			name = "[CP] Embed Pods Frameworks";
			outputPaths = (
			);
			runOnlyForDeploymentPostprocessing = 0;
			shellPath = /bin/sh;
			shellScript = "\"${SRCROOT}/Pods/Target Support Files/Pods-MeowlWatch/Pods-MeowlWatch-frameworks.sh\"\n";
			showEnvVarsInLog = 0;
		};
		AB77830B1E84460B00925F72 /* [CP] Copy Pods Resources */ = {
			isa = PBXShellScriptBuildPhase;
			buildActionMask = 2147483647;
			files = (
			);
			inputPaths = (
			);
			name = "[CP] Copy Pods Resources";
			outputPaths = (
			);
			runOnlyForDeploymentPostprocessing = 0;
			shellPath = /bin/sh;
			shellScript = "\"${SRCROOT}/Pods/Target Support Files/Pods-MeowlWatch/Pods-MeowlWatch-resources.sh\"\n";
			showEnvVarsInLog = 0;
		};
/* End PBXShellScriptBuildPhase section */

/* Begin PBXSourcesBuildPhase section */
		AB7782CD1E8242B000925F72 /* Sources */ = {
			isa = PBXSourcesBuildPhase;
			buildActionMask = 2147483647;
			files = (
				AB7782F71E83E4F700925F72 /* QueryResult.swift in Sources */,
				AB7782E31E83C18900925F72 /* TodayViewController.swift in Sources */,
				AB7782F61E83E44800925F72 /* Datastore.swift in Sources */,
			);
			runOnlyForDeploymentPostprocessing = 0;
		};
		AB7782FC1E84460B00925F72 /* Sources */ = {
			isa = PBXSourcesBuildPhase;
			buildActionMask = 2147483647;
			files = (
				AB7782FD1E84460B00925F72 /* QueryResult.swift in Sources */,
				AB7782FE1E84460B00925F72 /* SettingsTableViewController.swift in Sources */,
				AB7782FF1E84460B00925F72 /* AppDelegate.swift in Sources */,
				AB7783001E84460B00925F72 /* Datastore.swift in Sources */,
				AB7783011E84460B00925F72 /* TableViewController.swift in Sources */,
			);
			runOnlyForDeploymentPostprocessing = 0;
		};
/* End PBXSourcesBuildPhase section */

/* Begin PBXTargetDependency section */
		AB7782F91E84460B00925F72 /* PBXTargetDependency */ = {
			isa = PBXTargetDependency;
			target = AB7782D01E8242B000925F72 /* MeowlWatch Widget */;
			targetProxy = AB7782FA1E84460B00925F72 /* PBXContainerItemProxy */;
		};
/* End PBXTargetDependency section */

/* Begin PBXVariantGroup section */
		AB7782BF1E81083D00925F72 /* Main.storyboard */ = {
			isa = PBXVariantGroup;
			children = (
				AB7782C01E81083D00925F72 /* Base */,
			);
			name = Main.storyboard;
			sourceTree = "<group>";
		};
		AB7782C21E81084F00925F72 /* LaunchScreen.storyboard */ = {
			isa = PBXVariantGroup;
			children = (
				AB7782C31E81084F00925F72 /* Base */,
			);
			name = LaunchScreen.storyboard;
			sourceTree = "<group>";
		};
		AB7782EC1E83C1AD00925F72 /* MainInterface.storyboard */ = {
			isa = PBXVariantGroup;
			children = (
				AB7782ED1E83C1AD00925F72 /* Base */,
			);
			name = MainInterface.storyboard;
			sourceTree = "<group>";
		};
/* End PBXVariantGroup section */

/* Begin XCBuildConfiguration section */
		AB27C1F21E7CCCAC00A90072 /* Debug */ = {
			isa = XCBuildConfiguration;
			buildSettings = {
				ALWAYS_SEARCH_USER_PATHS = NO;
				CLANG_ANALYZER_NONNULL = YES;
				CLANG_CXX_LANGUAGE_STANDARD = "gnu++0x";
				CLANG_CXX_LIBRARY = "libc++";
				CLANG_ENABLE_MODULES = YES;
				CLANG_ENABLE_OBJC_ARC = YES;
				CLANG_WARN_BOOL_CONVERSION = YES;
				CLANG_WARN_CONSTANT_CONVERSION = YES;
				CLANG_WARN_DIRECT_OBJC_ISA_USAGE = YES_ERROR;
				CLANG_WARN_DOCUMENTATION_COMMENTS = YES;
				CLANG_WARN_EMPTY_BODY = YES;
				CLANG_WARN_ENUM_CONVERSION = YES;
				CLANG_WARN_INFINITE_RECURSION = YES;
				CLANG_WARN_INT_CONVERSION = YES;
				CLANG_WARN_OBJC_ROOT_CLASS = YES_ERROR;
				CLANG_WARN_SUSPICIOUS_MOVE = YES;
				CLANG_WARN_UNREACHABLE_CODE = YES;
				CLANG_WARN__DUPLICATE_METHOD_MATCH = YES;
				"CODE_SIGN_IDENTITY[sdk=iphoneos*]" = "iPhone Developer";
				COPY_PHASE_STRIP = NO;
				DEBUG_INFORMATION_FORMAT = dwarf;
				ENABLE_STRICT_OBJC_MSGSEND = YES;
				ENABLE_TESTABILITY = YES;
				GCC_C_LANGUAGE_STANDARD = gnu99;
				GCC_DYNAMIC_NO_PIC = NO;
				GCC_NO_COMMON_BLOCKS = YES;
				GCC_OPTIMIZATION_LEVEL = 0;
				GCC_PREPROCESSOR_DEFINITIONS = (
					"DEBUG=1",
					"$(inherited)",
				);
				GCC_WARN_64_TO_32_BIT_CONVERSION = YES;
				GCC_WARN_ABOUT_RETURN_TYPE = YES_ERROR;
				GCC_WARN_UNDECLARED_SELECTOR = YES;
				GCC_WARN_UNINITIALIZED_AUTOS = YES_AGGRESSIVE;
				GCC_WARN_UNUSED_FUNCTION = YES;
				GCC_WARN_UNUSED_VARIABLE = YES;
				IPHONEOS_DEPLOYMENT_TARGET = 10.2;
				MTL_ENABLE_DEBUG_INFO = YES;
				ONLY_ACTIVE_ARCH = YES;
				SDKROOT = iphoneos;
				SWIFT_ACTIVE_COMPILATION_CONDITIONS = DEBUG;
				SWIFT_OPTIMIZATION_LEVEL = "-Onone";
			};
			name = Debug;
		};
		AB27C1F31E7CCCAC00A90072 /* Release */ = {
			isa = XCBuildConfiguration;
			buildSettings = {
				ALWAYS_SEARCH_USER_PATHS = NO;
				CLANG_ANALYZER_NONNULL = YES;
				CLANG_CXX_LANGUAGE_STANDARD = "gnu++0x";
				CLANG_CXX_LIBRARY = "libc++";
				CLANG_ENABLE_MODULES = YES;
				CLANG_ENABLE_OBJC_ARC = YES;
				CLANG_WARN_BOOL_CONVERSION = YES;
				CLANG_WARN_CONSTANT_CONVERSION = YES;
				CLANG_WARN_DIRECT_OBJC_ISA_USAGE = YES_ERROR;
				CLANG_WARN_DOCUMENTATION_COMMENTS = YES;
				CLANG_WARN_EMPTY_BODY = YES;
				CLANG_WARN_ENUM_CONVERSION = YES;
				CLANG_WARN_INFINITE_RECURSION = YES;
				CLANG_WARN_INT_CONVERSION = YES;
				CLANG_WARN_OBJC_ROOT_CLASS = YES_ERROR;
				CLANG_WARN_SUSPICIOUS_MOVE = YES;
				CLANG_WARN_UNREACHABLE_CODE = YES;
				CLANG_WARN__DUPLICATE_METHOD_MATCH = YES;
				"CODE_SIGN_IDENTITY[sdk=iphoneos*]" = "iPhone Developer";
				COPY_PHASE_STRIP = NO;
				DEBUG_INFORMATION_FORMAT = "dwarf-with-dsym";
				ENABLE_NS_ASSERTIONS = NO;
				ENABLE_STRICT_OBJC_MSGSEND = YES;
				GCC_C_LANGUAGE_STANDARD = gnu99;
				GCC_NO_COMMON_BLOCKS = YES;
				GCC_WARN_64_TO_32_BIT_CONVERSION = YES;
				GCC_WARN_ABOUT_RETURN_TYPE = YES_ERROR;
				GCC_WARN_UNDECLARED_SELECTOR = YES;
				GCC_WARN_UNINITIALIZED_AUTOS = YES_AGGRESSIVE;
				GCC_WARN_UNUSED_FUNCTION = YES;
				GCC_WARN_UNUSED_VARIABLE = YES;
				IPHONEOS_DEPLOYMENT_TARGET = 10.2;
				MTL_ENABLE_DEBUG_INFO = NO;
				SDKROOT = iphoneos;
				SWIFT_OPTIMIZATION_LEVEL = "-Owholemodule";
				VALIDATE_PRODUCT = YES;
			};
			name = Release;
		};
		AB7782DF1E8242B000925F72 /* Debug */ = {
			isa = XCBuildConfiguration;
			baseConfigurationReference = B896B6F89D7893FA5FE441AB /* Pods-MeowlWatch Widget.debug.xcconfig */;
			buildSettings = {
				CLANG_ENABLE_MODULES = YES;
				CODE_SIGN_ENTITLEMENTS = "MeowlWatch Widget/MeowlWatch Widget.entitlements";
				DEVELOPMENT_TEAM = 3A2N53KSLM;
				INFOPLIST_FILE = "$(SRCROOT)/MeowlWatch Widget/Info.plist";
				IPHONEOS_DEPLOYMENT_TARGET = 8.1;
				LD_RUNPATH_SEARCH_PATHS = "$(inherited) @executable_path/Frameworks @executable_path/../../Frameworks";
				PRODUCT_BUNDLE_IDENTIFIER = "me.jonathanchan.MeowlWatch.MeowlWatch-Widget";
				PRODUCT_NAME = "$(TARGET_NAME)";
				SKIP_INSTALL = YES;
				SWIFT_OPTIMIZATION_LEVEL = "-Onone";
				SWIFT_VERSION = 3.0;
			};
			name = Debug;
		};
		AB7782E01E8242B000925F72 /* Release */ = {
			isa = XCBuildConfiguration;
			baseConfigurationReference = 09B9EC67070FFC4B6E476599 /* Pods-MeowlWatch Widget.release.xcconfig */;
			buildSettings = {
				CLANG_ENABLE_MODULES = YES;
				CODE_SIGN_ENTITLEMENTS = "MeowlWatch Widget/MeowlWatch Widget.entitlements";
				DEVELOPMENT_TEAM = 3A2N53KSLM;
				INFOPLIST_FILE = "$(SRCROOT)/MeowlWatch Widget/Info.plist";
				IPHONEOS_DEPLOYMENT_TARGET = 8.1;
				LD_RUNPATH_SEARCH_PATHS = "$(inherited) @executable_path/Frameworks @executable_path/../../Frameworks";
				PRODUCT_BUNDLE_IDENTIFIER = "me.jonathanchan.MeowlWatch.MeowlWatch-Widget";
				PRODUCT_NAME = "$(TARGET_NAME)";
				SKIP_INSTALL = YES;
				SWIFT_VERSION = 3.0;
			};
			name = Release;
		};
		AB77830F1E84460B00925F72 /* Debug */ = {
			isa = XCBuildConfiguration;
			baseConfigurationReference = 207FF311151D28D56CE8C835 /* Pods-MeowlWatch.debug.xcconfig */;
			buildSettings = {
				ASSETCATALOG_COMPILER_APPICON_NAME = AppIcon;
				CLANG_ENABLE_MODULES = YES;
				CODE_SIGN_ENTITLEMENTS = MeowlWatch/MeowlWatch.entitlements;
				DEVELOPMENT_TEAM = 3A2N53KSLM;
				INFOPLIST_FILE = "$(SRCROOT)/MeowlWatch/Info.plist";
				IPHONEOS_DEPLOYMENT_TARGET = 8.1;
				LD_RUNPATH_SEARCH_PATHS = "$(inherited) @executable_path/Frameworks";
				PRODUCT_BUNDLE_IDENTIFIER = me.jonathanchan.MeowlWatch;
				PRODUCT_NAME = "$(TARGET_NAME)";
				SWIFT_OPTIMIZATION_LEVEL = "-Onone";
				SWIFT_VERSION = 3.0;
			};
			name = Debug;
		};
		AB7783101E84460B00925F72 /* Release */ = {
			isa = XCBuildConfiguration;
			baseConfigurationReference = F42CA8E0306E5BC32F033E35 /* Pods-MeowlWatch.release.xcconfig */;
			buildSettings = {
				ASSETCATALOG_COMPILER_APPICON_NAME = AppIcon;
				CLANG_ENABLE_MODULES = YES;
				CODE_SIGN_ENTITLEMENTS = MeowlWatch/MeowlWatch.entitlements;
				DEVELOPMENT_TEAM = 3A2N53KSLM;
				INFOPLIST_FILE = "$(SRCROOT)/MeowlWatch/Info.plist";
				IPHONEOS_DEPLOYMENT_TARGET = 8.1;
				LD_RUNPATH_SEARCH_PATHS = "$(inherited) @executable_path/Frameworks";
				PRODUCT_BUNDLE_IDENTIFIER = me.jonathanchan.MeowlWatch;
				PRODUCT_NAME = "$(TARGET_NAME)";
				SWIFT_VERSION = 3.0;
			};
			name = Release;
		};
/* End XCBuildConfiguration section */

/* Begin XCConfigurationList section */
		AB27C1DD1E7CCCAC00A90072 /* Build configuration list for PBXProject "MeowlWatch" */ = {
			isa = XCConfigurationList;
			buildConfigurations = (
				AB27C1F21E7CCCAC00A90072 /* Debug */,
				AB27C1F31E7CCCAC00A90072 /* Release */,
			);
			defaultConfigurationIsVisible = 0;
			defaultConfigurationName = Release;
		};
		AB7782DE1E8242B000925F72 /* Build configuration list for PBXNativeTarget "MeowlWatch Widget" */ = {
			isa = XCConfigurationList;
			buildConfigurations = (
				AB7782DF1E8242B000925F72 /* Debug */,
				AB7782E01E8242B000925F72 /* Release */,
			);
			defaultConfigurationIsVisible = 0;
			defaultConfigurationName = Release;
		};
		AB77830E1E84460B00925F72 /* Build configuration list for PBXNativeTarget "MeowlWatch" */ = {
			isa = XCConfigurationList;
			buildConfigurations = (
				AB77830F1E84460B00925F72 /* Debug */,
				AB7783101E84460B00925F72 /* Release */,
			);
			defaultConfigurationIsVisible = 0;
			defaultConfigurationName = Release;
		};
/* End XCConfigurationList section */
	};
	rootObject = AB27C1DA1E7CCCAC00A90072 /* Project object */;
}
