// !$*UTF8*$!
{
	archiveVersion = 1;
	classes = {
	};
	objectVersion = 46;
	objects = {

/* Begin PBXBuildFile section */
		3D013BAAFC6B333A44517F92 /* Pods_MeowlWatch_Full.framework in Frameworks */ = {isa = PBXBuildFile; fileRef = E1B860E29B4CC6EE08E693B1 /* Pods_MeowlWatch_Full.framework */; };
		4D1ED59379DBFBBAAA94944C /* Pods_MeowlWatch.framework in Frameworks */ = {isa = PBXBuildFile; fileRef = 0ECCA81CCF0B2BE3A19456FF /* Pods_MeowlWatch.framework */; };
		9423B27372E78E527611E84F /* Pods_MeowlWatchData.framework in Frameworks */ = {isa = PBXBuildFile; fileRef = 35A10DE22B064C98170290F5 /* Pods_MeowlWatchData.framework */; };
		AB009E641E8CC00A0096C625 /* LegalViewController.swift in Sources */ = {isa = PBXBuildFile; fileRef = AB009E631E8CC00A0096C625 /* LegalViewController.swift */; };
		AB2990051E93F293003020CD /* UIViewController+Alerts.swift in Sources */ = {isa = PBXBuildFile; fileRef = AB2990041E93F293003020CD /* UIViewController+Alerts.swift */; };
		AB2990061E93F293003020CD /* UIViewController+Alerts.swift in Sources */ = {isa = PBXBuildFile; fileRef = AB2990041E93F293003020CD /* UIViewController+Alerts.swift */; };
		AB2990151E93F3B4003020CD /* MeowlWatchData.framework in Frameworks */ = {isa = PBXBuildFile; fileRef = AB29900C1E93F356003020CD /* MeowlWatchData.framework */; };
		AB2990191E93F495003020CD /* MeowlWatchData.framework in Frameworks */ = {isa = PBXBuildFile; fileRef = AB29900C1E93F356003020CD /* MeowlWatchData.framework */; };
		AB29901A1E93F495003020CD /* MeowlWatchData.framework in Embed Frameworks */ = {isa = PBXBuildFile; fileRef = AB29900C1E93F356003020CD /* MeowlWatchData.framework */; settings = {ATTRIBUTES = (CodeSignOnCopy, RemoveHeadersOnCopy, ); }; };
		AB321A781EB6EAD9002BFD39 /* Schedules.swift in Sources */ = {isa = PBXBuildFile; fileRef = AB321A771EB6EAD9002BFD39 /* Schedules.swift */; };
		AB3DEF821E969E410035F000 /* BannerAdToolbar.swift in Sources */ = {isa = PBXBuildFile; fileRef = AB3DEF811E969E410035F000 /* BannerAdToolbar.swift */; };
		AB3DEF831E969E410035F000 /* BannerAdToolbar.swift in Sources */ = {isa = PBXBuildFile; fileRef = AB3DEF811E969E410035F000 /* BannerAdToolbar.swift */; };
		AB3DEF851E969FED0035F000 /* NavigationController.swift in Sources */ = {isa = PBXBuildFile; fileRef = AB3DEF841E969FED0035F000 /* NavigationController.swift */; };
		AB3DEF861E969FED0035F000 /* NavigationController.swift in Sources */ = {isa = PBXBuildFile; fileRef = AB3DEF841E969FED0035F000 /* NavigationController.swift */; };
		AB3DEF8E1E96A8510035F000 /* MeowlWatchData.h in Headers */ = {isa = PBXBuildFile; fileRef = AB3DEF8A1E96A84A0035F000 /* MeowlWatchData.h */; settings = {ATTRIBUTES = (Public, ); }; };
		AB3DEF8F1E96A8540035F000 /* QueryResult.swift in Sources */ = {isa = PBXBuildFile; fileRef = AB3DEF881E96A84A0035F000 /* QueryResult.swift */; };
		AB3DEF901E96A8570035F000 /* MeowlWatchData.swift in Sources */ = {isa = PBXBuildFile; fileRef = AB3DEF871E96A84A0035F000 /* MeowlWatchData.swift */; };
		AB4521F61EB90D3500B6A1C1 /* ExpandableTableViewController.swift in Sources */ = {isa = PBXBuildFile; fileRef = AB4521F51EB90D3500B6A1C1 /* ExpandableTableViewController.swift */; };
		AB4521F71EB90D3500B6A1C1 /* ExpandableTableViewController.swift in Sources */ = {isa = PBXBuildFile; fileRef = AB4521F51EB90D3500B6A1C1 /* ExpandableTableViewController.swift */; };
		AB60AFA5220A479000C0C17B /* Localizable.strings in Resources */ = {isa = PBXBuildFile; fileRef = AB60AFA8220A479000C0C17B /* Localizable.strings */; };
		AB60AFA6220A479000C0C17B /* Localizable.strings in Resources */ = {isa = PBXBuildFile; fileRef = AB60AFA8220A479000C0C17B /* Localizable.strings */; };
		AB60AFBE220A9B4000C0C17B /* Localizable.stringsdict in Resources */ = {isa = PBXBuildFile; fileRef = AB60AFC1220A9B4000C0C17B /* Localizable.stringsdict */; };
		AB60AFBF220A9B4000C0C17B /* Localizable.stringsdict in Resources */ = {isa = PBXBuildFile; fileRef = AB60AFC1220A9B4000C0C17B /* Localizable.stringsdict */; };
		AB60AFCD220AC49900C0C17B /* InfoPlist.strings in Resources */ = {isa = PBXBuildFile; fileRef = AB60AFCF220AC49900C0C17B /* InfoPlist.strings */; };
		AB60AFD0220AC63C00C0C17B /* Localizable.strings in Resources */ = {isa = PBXBuildFile; fileRef = AB60AFA8220A479000C0C17B /* Localizable.strings */; };
		AB60AFD1220AC63C00C0C17B /* Localizable.stringsdict in Resources */ = {isa = PBXBuildFile; fileRef = AB60AFC1220A9B4000C0C17B /* Localizable.stringsdict */; };
		AB7782D31E8242B000925F72 /* NotificationCenter.framework in Frameworks */ = {isa = PBXBuildFile; fileRef = AB7782D21E8242B000925F72 /* NotificationCenter.framework */; };
		AB7782E31E83C18900925F72 /* WidgetViewController.swift in Sources */ = {isa = PBXBuildFile; fileRef = AB7782E21E83C18900925F72 /* WidgetViewController.swift */; };
		AB7782EE1E83C1AD00925F72 /* MainInterface.storyboard in Resources */ = {isa = PBXBuildFile; fileRef = AB7782EC1E83C1AD00925F72 /* MainInterface.storyboard */; };
		AB7782FE1E84460B00925F72 /* SettingsTableViewController.swift in Sources */ = {isa = PBXBuildFile; fileRef = AB7782F11E83CCD100925F72 /* SettingsTableViewController.swift */; };
		AB7782FF1E84460B00925F72 /* AppDelegate.swift in Sources */ = {isa = PBXBuildFile; fileRef = AB7782B71E8107FB00925F72 /* AppDelegate.swift */; };
		AB7783011E84460B00925F72 /* MeowlWatchTableViewController.swift in Sources */ = {isa = PBXBuildFile; fileRef = AB7782BA1E8107FB00925F72 /* MeowlWatchTableViewController.swift */; };
		AB7783051E84460B00925F72 /* AdMobKeys-Debug.plist in Resources */ = {isa = PBXBuildFile; fileRef = AB7782C81E8203EF00925F72 /* AdMobKeys-Debug.plist */; };
		AB7783061E84460B00925F72 /* LaunchScreen.storyboard in Resources */ = {isa = PBXBuildFile; fileRef = AB7782C21E81084F00925F72 /* LaunchScreen.storyboard */; };
		AB7783071E84460B00925F72 /* Assets.xcassets in Resources */ = {isa = PBXBuildFile; fileRef = AB7782C61E81087D00925F72 /* Assets.xcassets */; };
		AB7783081E84460B00925F72 /* Main.storyboard in Resources */ = {isa = PBXBuildFile; fileRef = AB7782BF1E81083D00925F72 /* Main.storyboard */; };
		AB7783091E84460B00925F72 /* AdMobKeys-Release.plist in Resources */ = {isa = PBXBuildFile; fileRef = AB7782CA1E82062900925F72 /* AdMobKeys-Release.plist */; };
		AB77830D1E84460B00925F72 /* MeowlWatch Widget.appex in Embed App Extensions */ = {isa = PBXBuildFile; fileRef = AB7782D11E8242B000925F72 /* MeowlWatch Widget.appex */; settings = {ATTRIBUTES = (RemoveHeadersOnCopy, ); }; };
		AB7B7FC61E8E9F0500272655 /* SettingsTableViewController.swift in Sources */ = {isa = PBXBuildFile; fileRef = AB7782F11E83CCD100925F72 /* SettingsTableViewController.swift */; };
		AB7B7FC71E8E9F0500272655 /* AppDelegate.swift in Sources */ = {isa = PBXBuildFile; fileRef = AB7782B71E8107FB00925F72 /* AppDelegate.swift */; };
		AB7B7FC91E8E9F0500272655 /* LegalViewController.swift in Sources */ = {isa = PBXBuildFile; fileRef = AB009E631E8CC00A0096C625 /* LegalViewController.swift */; };
		AB7B7FCA1E8E9F0500272655 /* MeowlWatchTableViewController.swift in Sources */ = {isa = PBXBuildFile; fileRef = AB7782BA1E8107FB00925F72 /* MeowlWatchTableViewController.swift */; };
		AB7B7FCF1E8E9F0500272655 /* AdMobKeys-Debug.plist in Resources */ = {isa = PBXBuildFile; fileRef = AB7782C81E8203EF00925F72 /* AdMobKeys-Debug.plist */; };
		AB7B7FD01E8E9F0500272655 /* LaunchScreen.storyboard in Resources */ = {isa = PBXBuildFile; fileRef = AB7782C21E81084F00925F72 /* LaunchScreen.storyboard */; };
		AB7B7FD11E8E9F0500272655 /* Assets.xcassets in Resources */ = {isa = PBXBuildFile; fileRef = AB7782C61E81087D00925F72 /* Assets.xcassets */; };
		AB7B7FD21E8E9F0500272655 /* Main.storyboard in Resources */ = {isa = PBXBuildFile; fileRef = AB7782BF1E81083D00925F72 /* Main.storyboard */; };
		AB7B7FD31E8E9F0500272655 /* AdMobKeys-Release.plist in Resources */ = {isa = PBXBuildFile; fileRef = AB7782CA1E82062900925F72 /* AdMobKeys-Release.plist */; };
		AB7B7FF21E8F26B300272655 /* MeowlWatch Widget.appex in Embed App Extensions */ = {isa = PBXBuildFile; fileRef = AB7782D11E8242B000925F72 /* MeowlWatch Widget.appex */; settings = {ATTRIBUTES = (RemoveHeadersOnCopy, ); }; };
		AB8AF1E51EB860E500BE45A1 /* MeowlWatchSectionHeaderView.swift in Sources */ = {isa = PBXBuildFile; fileRef = AB8AF1E41EB860E500BE45A1 /* MeowlWatchSectionHeaderView.swift */; };
		AB8AF1E61EB860E500BE45A1 /* MeowlWatchSectionHeaderView.swift in Sources */ = {isa = PBXBuildFile; fileRef = AB8AF1E41EB860E500BE45A1 /* MeowlWatchSectionHeaderView.swift */; };
		AB8AF1EB1EB864D800BE45A1 /* MeowlWatchSectionHeaderView.xib in Resources */ = {isa = PBXBuildFile; fileRef = AB8AF1EA1EB864D800BE45A1 /* MeowlWatchSectionHeaderView.xib */; };
		AB8AF1EC1EB864D800BE45A1 /* MeowlWatchSectionHeaderView.xib in Resources */ = {isa = PBXBuildFile; fileRef = AB8AF1EA1EB864D800BE45A1 /* MeowlWatchSectionHeaderView.xib */; };
		AB9B5FF21E9422C200754DBB /* MeowlWatchData.framework in Frameworks */ = {isa = PBXBuildFile; fileRef = AB29900C1E93F356003020CD /* MeowlWatchData.framework */; };
		AB9B5FF31E9422C200754DBB /* MeowlWatchData.framework in Embed Frameworks */ = {isa = PBXBuildFile; fileRef = AB29900C1E93F356003020CD /* MeowlWatchData.framework */; settings = {ATTRIBUTES = (CodeSignOnCopy, RemoveHeadersOnCopy, ); }; };
		AB9C72311EC4BD470060ABC4 /* SearchResultsTableViewController.swift in Sources */ = {isa = PBXBuildFile; fileRef = AB9C72301EC4BD470060ABC4 /* SearchResultsTableViewController.swift */; };
		AB9C72321EC4BD4A0060ABC4 /* SearchResultsTableViewController.swift in Sources */ = {isa = PBXBuildFile; fileRef = AB9C72301EC4BD470060ABC4 /* SearchResultsTableViewController.swift */; };
		ABA71FC0232B8FFC0024C964 /* Colors.xcassets in Resources */ = {isa = PBXBuildFile; fileRef = ABA71FBF232B8FFC0024C964 /* Colors.xcassets */; };
		ABA71FC1232B8FFC0024C964 /* Colors.xcassets in Resources */ = {isa = PBXBuildFile; fileRef = ABA71FBF232B8FFC0024C964 /* Colors.xcassets */; };
		ABA71FC2232B8FFC0024C964 /* Colors.xcassets in Resources */ = {isa = PBXBuildFile; fileRef = ABA71FBF232B8FFC0024C964 /* Colors.xcassets */; };
		ABA71FC5232B90E20024C964 /* UIColor+MeowlWatch.swift in Sources */ = {isa = PBXBuildFile; fileRef = ABA71FC4232B90E20024C964 /* UIColor+MeowlWatch.swift */; };
		ABA71FC6232B90E20024C964 /* UIColor+MeowlWatch.swift in Sources */ = {isa = PBXBuildFile; fileRef = ABA71FC4232B90E20024C964 /* UIColor+MeowlWatch.swift */; };
		ABA71FC7232B90E20024C964 /* UIColor+MeowlWatch.swift in Sources */ = {isa = PBXBuildFile; fileRef = ABA71FC4232B90E20024C964 /* UIColor+MeowlWatch.swift */; };
		ABA9714B1E898ADB001A6AD8 /* StoreKit.framework in Frameworks */ = {isa = PBXBuildFile; fileRef = ABA9714A1E898ADB001A6AD8 /* StoreKit.framework */; };
		ABC11B1E1EB712FE00491E7B /* MeowlWatchUserTableViewCell.swift in Sources */ = {isa = PBXBuildFile; fileRef = ABC11B1C1EB712FE00491E7B /* MeowlWatchUserTableViewCell.swift */; };
		ABC11B1F1EB712FE00491E7B /* MeowlWatchUserTableViewCell.xib in Resources */ = {isa = PBXBuildFile; fileRef = ABC11B1D1EB712FE00491E7B /* MeowlWatchUserTableViewCell.xib */; };
		ABC11B221EB71EF100491E7B /* MeowlWatchDiningLocationTableViewCell.swift in Sources */ = {isa = PBXBuildFile; fileRef = ABC11B201EB71EF100491E7B /* MeowlWatchDiningLocationTableViewCell.swift */; };
		ABC11B231EB71EF100491E7B /* MeowlWatchDiningLocationTableViewCell.swift in Sources */ = {isa = PBXBuildFile; fileRef = ABC11B201EB71EF100491E7B /* MeowlWatchDiningLocationTableViewCell.swift */; };
		ABC11B241EB71EF100491E7B /* MeowlWatchDiningLocationTableViewCell.xib in Resources */ = {isa = PBXBuildFile; fileRef = ABC11B211EB71EF100491E7B /* MeowlWatchDiningLocationTableViewCell.xib */; };
		ABC11B251EB71EF100491E7B /* MeowlWatchDiningLocationTableViewCell.xib in Resources */ = {isa = PBXBuildFile; fileRef = ABC11B211EB71EF100491E7B /* MeowlWatchDiningLocationTableViewCell.xib */; };
		ABC11B281EB72DFD00491E7B /* DiningLocationSchedulesTableViewController.swift in Sources */ = {isa = PBXBuildFile; fileRef = ABC11B261EB72DFD00491E7B /* DiningLocationSchedulesTableViewController.swift */; };
		ABC11B291EB72DFD00491E7B /* DiningLocationSchedulesTableViewController.swift in Sources */ = {isa = PBXBuildFile; fileRef = ABC11B261EB72DFD00491E7B /* DiningLocationSchedulesTableViewController.swift */; };
		ABC11B2E1EB7345800491E7B /* ScheduleRowTableViewCell.swift in Sources */ = {isa = PBXBuildFile; fileRef = ABC11B2C1EB7345800491E7B /* ScheduleRowTableViewCell.swift */; };
		ABC11B2F1EB7345800491E7B /* ScheduleRowTableViewCell.swift in Sources */ = {isa = PBXBuildFile; fileRef = ABC11B2C1EB7345800491E7B /* ScheduleRowTableViewCell.swift */; };
		ABC11B301EB7345800491E7B /* ScheduleRowTableViewCell.xib in Resources */ = {isa = PBXBuildFile; fileRef = ABC11B2D1EB7345800491E7B /* ScheduleRowTableViewCell.xib */; };
		ABC11B311EB7345800491E7B /* ScheduleRowTableViewCell.xib in Resources */ = {isa = PBXBuildFile; fileRef = ABC11B2D1EB7345800491E7B /* ScheduleRowTableViewCell.xib */; };
		ABC11B321EB7909900491E7B /* MeowlWatchUserTableViewCell.swift in Sources */ = {isa = PBXBuildFile; fileRef = ABC11B1C1EB712FE00491E7B /* MeowlWatchUserTableViewCell.swift */; };
		ABC11B331EB790A200491E7B /* MeowlWatchUserTableViewCell.xib in Resources */ = {isa = PBXBuildFile; fileRef = ABC11B1D1EB712FE00491E7B /* MeowlWatchUserTableViewCell.xib */; };
		ABC11B341EB7938D00491E7B /* DiningHallSchedules.plist in Resources */ = {isa = PBXBuildFile; fileRef = ABFF170F1EB27BB3004BBEAE /* DiningHallSchedules.plist */; };
		ABC11B351EB7938D00491E7B /* CafeSchedules.plist in Resources */ = {isa = PBXBuildFile; fileRef = AB321A711EB6C7B4002BFD39 /* CafeSchedules.plist */; };
		ABC11B361EB7938D00491E7B /* NorrisSchedules.plist in Resources */ = {isa = PBXBuildFile; fileRef = AB321A731EB6D0D8002BFD39 /* NorrisSchedules.plist */; };
		ABC11B381EB7938E00491E7B /* DiningHallSchedules.plist in Resources */ = {isa = PBXBuildFile; fileRef = ABFF170F1EB27BB3004BBEAE /* DiningHallSchedules.plist */; };
		ABC11B391EB7938E00491E7B /* CafeSchedules.plist in Resources */ = {isa = PBXBuildFile; fileRef = AB321A711EB6C7B4002BFD39 /* CafeSchedules.plist */; };
		ABC11B3A1EB7938E00491E7B /* NorrisSchedules.plist in Resources */ = {isa = PBXBuildFile; fileRef = AB321A731EB6D0D8002BFD39 /* NorrisSchedules.plist */; };
		ABC11B3C1EB7938F00491E7B /* DiningHallSchedules.plist in Resources */ = {isa = PBXBuildFile; fileRef = ABFF170F1EB27BB3004BBEAE /* DiningHallSchedules.plist */; };
		ABC11B3D1EB7938F00491E7B /* CafeSchedules.plist in Resources */ = {isa = PBXBuildFile; fileRef = AB321A711EB6C7B4002BFD39 /* CafeSchedules.plist */; };
		ABC11B3E1EB7938F00491E7B /* NorrisSchedules.plist in Resources */ = {isa = PBXBuildFile; fileRef = AB321A731EB6D0D8002BFD39 /* NorrisSchedules.plist */; };
		ABD71CBD1EA08B3900B715AE /* MeowlWatchTableViewCell.swift in Sources */ = {isa = PBXBuildFile; fileRef = ABD71CBB1EA08B3900B715AE /* MeowlWatchTableViewCell.swift */; };
		ABD71CBE1EA08B3900B715AE /* MeowlWatchTableViewCell.swift in Sources */ = {isa = PBXBuildFile; fileRef = ABD71CBB1EA08B3900B715AE /* MeowlWatchTableViewCell.swift */; };
		ABD71CBF1EA08B3900B715AE /* MeowlWatchTableViewCell.xib in Resources */ = {isa = PBXBuildFile; fileRef = ABD71CBC1EA08B3900B715AE /* MeowlWatchTableViewCell.xib */; };
		ABD71CC01EA08B3900B715AE /* MeowlWatchTableViewCell.xib in Resources */ = {isa = PBXBuildFile; fileRef = ABD71CBC1EA08B3900B715AE /* MeowlWatchTableViewCell.xib */; };
		ABF2FF86220D43EA00E97BB3 /* WidgetPreviewTableViewCell.swift in Sources */ = {isa = PBXBuildFile; fileRef = ABF2FF84220D43EA00E97BB3 /* WidgetPreviewTableViewCell.swift */; };
		ABF2FF87220D43EA00E97BB3 /* WidgetPreviewTableViewCell.xib in Resources */ = {isa = PBXBuildFile; fileRef = ABF2FF85220D43EA00E97BB3 /* WidgetPreviewTableViewCell.xib */; };
		ABF2FF88220D43F000E97BB3 /* WidgetPreviewTableViewCell.swift in Sources */ = {isa = PBXBuildFile; fileRef = ABF2FF84220D43EA00E97BB3 /* WidgetPreviewTableViewCell.swift */; };
		ABF2FF8A220D52E000E97BB3 /* MenuTableViewController.swift in Sources */ = {isa = PBXBuildFile; fileRef = ABF2FF89220D52E000E97BB3 /* MenuTableViewController.swift */; };
		ABF2FF8C220D5A8700E97BB3 /* Menu.swift in Sources */ = {isa = PBXBuildFile; fileRef = ABF2FF8B220D5A8700E97BB3 /* Menu.swift */; };
		ABF2FF8D220E541400E97BB3 /* MenuTableViewController.swift in Sources */ = {isa = PBXBuildFile; fileRef = ABF2FF89220D52E000E97BB3 /* MenuTableViewController.swift */; };
		ABF6FE6F2229DF4800C7D831 /* MeowlWatchTests.swift in Sources */ = {isa = PBXBuildFile; fileRef = ABF6FE6E2229DF4800C7D831 /* MeowlWatchTests.swift */; };
/* End PBXBuildFile section */

/* Begin PBXContainerItemProxy section */
		AB29901B1E93F495003020CD /* PBXContainerItemProxy */ = {
			isa = PBXContainerItemProxy;
			containerPortal = AB27C1DA1E7CCCAC00A90072 /* Project object */;
			proxyType = 1;
			remoteGlobalIDString = AB29900B1E93F356003020CD;
			remoteInfo = MeowlWatchData;
		};
		AB7782FA1E84460B00925F72 /* PBXContainerItemProxy */ = {
			isa = PBXContainerItemProxy;
			containerPortal = AB27C1DA1E7CCCAC00A90072 /* Project object */;
			proxyType = 1;
			remoteGlobalIDString = AB7782D01E8242B000925F72;
			remoteInfo = MeowlWatchToday;
		};
		AB7B7FF31E8F26B300272655 /* PBXContainerItemProxy */ = {
			isa = PBXContainerItemProxy;
			containerPortal = AB27C1DA1E7CCCAC00A90072 /* Project object */;
			proxyType = 1;
			remoteGlobalIDString = AB7782D01E8242B000925F72;
			remoteInfo = "MeowlWatch Widget";
		};
		AB9B5FF41E9422C200754DBB /* PBXContainerItemProxy */ = {
			isa = PBXContainerItemProxy;
			containerPortal = AB27C1DA1E7CCCAC00A90072 /* Project object */;
			proxyType = 1;
			remoteGlobalIDString = AB29900B1E93F356003020CD;
			remoteInfo = MeowlWatchData;
		};
		ABF6FE682229DE2D00C7D831 /* PBXContainerItemProxy */ = {
			isa = PBXContainerItemProxy;
			containerPortal = AB27C1DA1E7CCCAC00A90072 /* Project object */;
			proxyType = 1;
			remoteGlobalIDString = AB7782F81E84460B00925F72;
			remoteInfo = MeowlWatch;
		};
/* End PBXContainerItemProxy section */

/* Begin PBXCopyFilesBuildPhase section */
		AB29901D1E93F496003020CD /* Embed Frameworks */ = {
			isa = PBXCopyFilesBuildPhase;
			buildActionMask = 2147483647;
			dstPath = "";
			dstSubfolderSpec = 10;
			files = (
				AB29901A1E93F495003020CD /* MeowlWatchData.framework in Embed Frameworks */,
			);
			name = "Embed Frameworks";
			runOnlyForDeploymentPostprocessing = 0;
		};
		AB77830C1E84460B00925F72 /* Embed App Extensions */ = {
			isa = PBXCopyFilesBuildPhase;
			buildActionMask = 2147483647;
			dstPath = "";
			dstSubfolderSpec = 13;
			files = (
				AB77830D1E84460B00925F72 /* MeowlWatch Widget.appex in Embed App Extensions */,
			);
			name = "Embed App Extensions";
			runOnlyForDeploymentPostprocessing = 0;
		};
		AB7B7FF51E8F26B400272655 /* Embed App Extensions */ = {
			isa = PBXCopyFilesBuildPhase;
			buildActionMask = 2147483647;
			dstPath = "";
			dstSubfolderSpec = 13;
			files = (
				AB7B7FF21E8F26B300272655 /* MeowlWatch Widget.appex in Embed App Extensions */,
			);
			name = "Embed App Extensions";
			runOnlyForDeploymentPostprocessing = 0;
		};
		AB9B5FF61E9422C200754DBB /* Embed Frameworks */ = {
			isa = PBXCopyFilesBuildPhase;
			buildActionMask = 2147483647;
			dstPath = "";
			dstSubfolderSpec = 10;
			files = (
				AB9B5FF31E9422C200754DBB /* MeowlWatchData.framework in Embed Frameworks */,
			);
			name = "Embed Frameworks";
			runOnlyForDeploymentPostprocessing = 0;
		};
/* End PBXCopyFilesBuildPhase section */

/* Begin PBXFileReference section */
		0ECCA81CCF0B2BE3A19456FF /* Pods_MeowlWatch.framework */ = {isa = PBXFileReference; explicitFileType = wrapper.framework; includeInIndex = 0; path = Pods_MeowlWatch.framework; sourceTree = BUILT_PRODUCTS_DIR; };
		251C66331C19E70BC36CD253 /* Pods-MeowlWatch.release.xcconfig */ = {isa = PBXFileReference; includeInIndex = 1; lastKnownFileType = text.xcconfig; name = "Pods-MeowlWatch.release.xcconfig"; path = "Pods/Target Support Files/Pods-MeowlWatch/Pods-MeowlWatch.release.xcconfig"; sourceTree = "<group>"; };
		35A10DE22B064C98170290F5 /* Pods_MeowlWatchData.framework */ = {isa = PBXFileReference; explicitFileType = wrapper.framework; includeInIndex = 0; path = Pods_MeowlWatchData.framework; sourceTree = BUILT_PRODUCTS_DIR; };
		56114557925487238465C451 /* Pods-MeowlWatch Full.release.xcconfig */ = {isa = PBXFileReference; includeInIndex = 1; lastKnownFileType = text.xcconfig; name = "Pods-MeowlWatch Full.release.xcconfig"; path = "Pods/Target Support Files/Pods-MeowlWatch Full/Pods-MeowlWatch Full.release.xcconfig"; sourceTree = "<group>"; };
		565657FBEBA0882267C0C7AF /* Pods-MeowlWatch Full.debug.xcconfig */ = {isa = PBXFileReference; includeInIndex = 1; lastKnownFileType = text.xcconfig; name = "Pods-MeowlWatch Full.debug.xcconfig"; path = "Pods/Target Support Files/Pods-MeowlWatch Full/Pods-MeowlWatch Full.debug.xcconfig"; sourceTree = "<group>"; };
		97ACFCFB8CE7B512860CBC63 /* Pods-MeowlWatch.debug.xcconfig */ = {isa = PBXFileReference; includeInIndex = 1; lastKnownFileType = text.xcconfig; name = "Pods-MeowlWatch.debug.xcconfig"; path = "Pods/Target Support Files/Pods-MeowlWatch/Pods-MeowlWatch.debug.xcconfig"; sourceTree = "<group>"; };
		A86D569867F0D8C549C4AC46 /* Pods-MeowlWatchData.release.xcconfig */ = {isa = PBXFileReference; includeInIndex = 1; lastKnownFileType = text.xcconfig; name = "Pods-MeowlWatchData.release.xcconfig"; path = "Pods/Target Support Files/Pods-MeowlWatchData/Pods-MeowlWatchData.release.xcconfig"; sourceTree = "<group>"; };
		AB009E631E8CC00A0096C625 /* LegalViewController.swift */ = {isa = PBXFileReference; fileEncoding = 4; lastKnownFileType = sourcecode.swift; name = LegalViewController.swift; path = MeowlWatch/LegalViewController.swift; sourceTree = SOURCE_ROOT; };
		AB27C1F11E7CCCAC00A90072 /* Info.plist */ = {isa = PBXFileReference; lastKnownFileType = text.plist.xml; name = Info.plist; path = MeowlWatch/Info.plist; sourceTree = SOURCE_ROOT; };
		AB2990041E93F293003020CD /* UIViewController+Alerts.swift */ = {isa = PBXFileReference; fileEncoding = 4; lastKnownFileType = sourcecode.swift; name = "UIViewController+Alerts.swift"; path = "MeowlWatch/UIViewController+Alerts.swift"; sourceTree = SOURCE_ROOT; };
		AB29900C1E93F356003020CD /* MeowlWatchData.framework */ = {isa = PBXFileReference; explicitFileType = wrapper.framework; includeInIndex = 0; path = MeowlWatchData.framework; sourceTree = BUILT_PRODUCTS_DIR; };
		AB321A711EB6C7B4002BFD39 /* CafeSchedules.plist */ = {isa = PBXFileReference; fileEncoding = 4; lastKnownFileType = text.plist.xml; name = CafeSchedules.plist; path = MeowlWatchData/Schedules/CafeSchedules.plist; sourceTree = SOURCE_ROOT; };
		AB321A731EB6D0D8002BFD39 /* NorrisSchedules.plist */ = {isa = PBXFileReference; fileEncoding = 4; lastKnownFileType = text.plist.xml; name = NorrisSchedules.plist; path = MeowlWatchData/Schedules/NorrisSchedules.plist; sourceTree = SOURCE_ROOT; };
		AB321A771EB6EAD9002BFD39 /* Schedules.swift */ = {isa = PBXFileReference; fileEncoding = 4; lastKnownFileType = sourcecode.swift; name = Schedules.swift; path = MeowlWatchData/Schedules.swift; sourceTree = SOURCE_ROOT; };
		AB3DEF811E969E410035F000 /* BannerAdToolbar.swift */ = {isa = PBXFileReference; fileEncoding = 4; lastKnownFileType = sourcecode.swift; name = BannerAdToolbar.swift; path = MeowlWatch/BannerAdToolbar.swift; sourceTree = SOURCE_ROOT; };
		AB3DEF841E969FED0035F000 /* NavigationController.swift */ = {isa = PBXFileReference; fileEncoding = 4; lastKnownFileType = sourcecode.swift; name = NavigationController.swift; path = MeowlWatch/NavigationController.swift; sourceTree = SOURCE_ROOT; };
		AB3DEF871E96A84A0035F000 /* MeowlWatchData.swift */ = {isa = PBXFileReference; fileEncoding = 4; lastKnownFileType = sourcecode.swift; name = MeowlWatchData.swift; path = MeowlWatchData/MeowlWatchData.swift; sourceTree = SOURCE_ROOT; };
		AB3DEF881E96A84A0035F000 /* QueryResult.swift */ = {isa = PBXFileReference; fileEncoding = 4; lastKnownFileType = sourcecode.swift; name = QueryResult.swift; path = MeowlWatchData/QueryResult.swift; sourceTree = SOURCE_ROOT; };
		AB3DEF891E96A84A0035F000 /* Info.plist */ = {isa = PBXFileReference; fileEncoding = 4; lastKnownFileType = text.plist.xml; name = Info.plist; path = MeowlWatchData/Info.plist; sourceTree = SOURCE_ROOT; };
		AB3DEF8A1E96A84A0035F000 /* MeowlWatchData.h */ = {isa = PBXFileReference; fileEncoding = 4; lastKnownFileType = sourcecode.c.h; name = MeowlWatchData.h; path = MeowlWatchData/MeowlWatchData.h; sourceTree = SOURCE_ROOT; };
		AB4521F51EB90D3500B6A1C1 /* ExpandableTableViewController.swift */ = {isa = PBXFileReference; fileEncoding = 4; lastKnownFileType = sourcecode.swift; name = ExpandableTableViewController.swift; path = MeowlWatch/ExpandableTableViewController.swift; sourceTree = SOURCE_ROOT; };
		AB60AFA7220A479000C0C17B /* en */ = {isa = PBXFileReference; lastKnownFileType = text.plist.strings; name = en; path = en.lproj/Localizable.strings; sourceTree = "<group>"; };
		AB60AFB0220A50A000C0C17B /* zh-Hans */ = {isa = PBXFileReference; lastKnownFileType = text.plist.strings; name = "zh-Hans"; path = "zh-Hans.lproj/MainInterface.strings"; sourceTree = "<group>"; };
		AB60AFB1220A50A000C0C17B /* zh-Hans */ = {isa = PBXFileReference; lastKnownFileType = text.plist.strings; name = "zh-Hans"; path = "zh-Hans.lproj/Localizable.strings"; sourceTree = "<group>"; };
		AB60AFC0220A9B4000C0C17B /* en */ = {isa = PBXFileReference; lastKnownFileType = text.plist.stringsdict; name = en; path = en.lproj/Localizable.stringsdict; sourceTree = "<group>"; };
		AB60AFC3220A9F1800C0C17B /* zh-Hans */ = {isa = PBXFileReference; lastKnownFileType = text.plist.stringsdict; name = "zh-Hans"; path = "zh-Hans.lproj/Localizable.stringsdict"; sourceTree = "<group>"; };
		AB60AFC4220AA0A200C0C17B /* zh-Hans */ = {isa = PBXFileReference; lastKnownFileType = file.storyboard; name = "zh-Hans"; path = "MeowlWatch/zh-Hans.lproj/Main.storyboard"; sourceTree = "<group>"; };
		AB60AFC9220AC46100C0C17B /* Info.plist */ = {isa = PBXFileReference; fileEncoding = 4; lastKnownFileType = text.plist.xml; path = Info.plist; sourceTree = "<group>"; };
		AB60AFCE220AC49900C0C17B /* zh-Hans */ = {isa = PBXFileReference; lastKnownFileType = text.plist.strings; name = "zh-Hans"; path = "zh-Hans.lproj/InfoPlist.strings"; sourceTree = "<group>"; };
		AB60AFD3220B477E00C0C17B /* zh-Hant */ = {isa = PBXFileReference; lastKnownFileType = text.plist.strings; name = "zh-Hant"; path = "zh-Hant.lproj/MainInterface.strings"; sourceTree = "<group>"; };
		AB60AFD4220B477E00C0C17B /* zh-Hant */ = {isa = PBXFileReference; lastKnownFileType = file.storyboard; name = "zh-Hant"; path = "MeowlWatch/zh-Hant.lproj/Main.storyboard"; sourceTree = "<group>"; };
		AB60AFD6220B477F00C0C17B /* zh-Hant */ = {isa = PBXFileReference; lastKnownFileType = text.plist.stringsdict; name = "zh-Hant"; path = "zh-Hant.lproj/Localizable.stringsdict"; sourceTree = "<group>"; };
		AB60AFD7220B477F00C0C17B /* zh-Hant */ = {isa = PBXFileReference; lastKnownFileType = text.plist.strings; name = "zh-Hant"; path = "zh-Hant.lproj/InfoPlist.strings"; sourceTree = "<group>"; };
		AB60AFD8220B47C300C0C17B /* zh-Hant */ = {isa = PBXFileReference; lastKnownFileType = text.plist.strings; name = "zh-Hant"; path = "zh-Hant.lproj/Localizable.strings"; sourceTree = "<group>"; };
		AB60AFD9220B7F3D00C0C17B /* fr */ = {isa = PBXFileReference; lastKnownFileType = text.plist.strings; name = fr; path = fr.lproj/MainInterface.strings; sourceTree = "<group>"; };
		AB60AFDA220B7F3D00C0C17B /* fr */ = {isa = PBXFileReference; lastKnownFileType = file.storyboard; name = fr; path = MeowlWatch/fr.lproj/Main.storyboard; sourceTree = "<group>"; };
		AB60AFDB220B7F3D00C0C17B /* fr */ = {isa = PBXFileReference; lastKnownFileType = text.plist.strings; name = fr; path = fr.lproj/Localizable.strings; sourceTree = "<group>"; };
		AB60AFDC220B7F3E00C0C17B /* fr */ = {isa = PBXFileReference; lastKnownFileType = text.plist.stringsdict; name = fr; path = fr.lproj/Localizable.stringsdict; sourceTree = "<group>"; };
		AB60AFDD220B7F3E00C0C17B /* fr */ = {isa = PBXFileReference; lastKnownFileType = text.plist.strings; name = fr; path = fr.lproj/InfoPlist.strings; sourceTree = "<group>"; };
		AB6478D12096540B00BBA481 /* .gitmodules */ = {isa = PBXFileReference; lastKnownFileType = text; path = .gitmodules; sourceTree = "<group>"; };
		AB6478D42096A1D700BBA481 /* CONTRIBUTING.md */ = {isa = PBXFileReference; lastKnownFileType = net.daringfireball.markdown; path = CONTRIBUTING.md; sourceTree = "<group>"; };
		AB6478D52096A1D800BBA481 /* README.md */ = {isa = PBXFileReference; lastKnownFileType = net.daringfireball.markdown; path = README.md; sourceTree = "<group>"; };
		AB6478D62096A1D800BBA481 /* LICENSE.md */ = {isa = PBXFileReference; lastKnownFileType = net.daringfireball.markdown; path = LICENSE.md; sourceTree = "<group>"; };
		AB7782B71E8107FB00925F72 /* AppDelegate.swift */ = {isa = PBXFileReference; fileEncoding = 4; lastKnownFileType = sourcecode.swift; name = AppDelegate.swift; path = MeowlWatch/AppDelegate.swift; sourceTree = SOURCE_ROOT; };
		AB7782BA1E8107FB00925F72 /* MeowlWatchTableViewController.swift */ = {isa = PBXFileReference; fileEncoding = 4; lastKnownFileType = sourcecode.swift; name = MeowlWatchTableViewController.swift; path = MeowlWatch/MeowlWatchTableViewController.swift; sourceTree = SOURCE_ROOT; };
		AB7782C01E81083D00925F72 /* Base */ = {isa = PBXFileReference; lastKnownFileType = file.storyboard; name = Base; path = MeowlWatch/Base.lproj/Main.storyboard; sourceTree = SOURCE_ROOT; };
		AB7782C31E81084F00925F72 /* Base */ = {isa = PBXFileReference; lastKnownFileType = file.storyboard; name = Base; path = MeowlWatch/Base.lproj/LaunchScreen.storyboard; sourceTree = SOURCE_ROOT; };
		AB7782C61E81087D00925F72 /* Assets.xcassets */ = {isa = PBXFileReference; lastKnownFileType = folder.assetcatalog; name = Assets.xcassets; path = MeowlWatch/Assets.xcassets; sourceTree = SOURCE_ROOT; };
		AB7782C81E8203EF00925F72 /* AdMobKeys-Debug.plist */ = {isa = PBXFileReference; fileEncoding = 4; lastKnownFileType = text.plist.xml; name = "AdMobKeys-Debug.plist"; path = "MeowlWatch/AdMobKeys-Debug.plist"; sourceTree = SOURCE_ROOT; };
		AB7782CA1E82062900925F72 /* AdMobKeys-Release.plist */ = {isa = PBXFileReference; fileEncoding = 4; lastKnownFileType = text.plist.xml; name = "AdMobKeys-Release.plist"; path = "MeowlWatch/AdMobKeys-Release.plist"; sourceTree = SOURCE_ROOT; };
		AB7782CC1E82085900925F72 /* .gitignore */ = {isa = PBXFileReference; lastKnownFileType = text; path = .gitignore; sourceTree = "<group>"; };
		AB7782D11E8242B000925F72 /* MeowlWatch Widget.appex */ = {isa = PBXFileReference; explicitFileType = "wrapper.app-extension"; includeInIndex = 0; path = "MeowlWatch Widget.appex"; sourceTree = BUILT_PRODUCTS_DIR; };
		AB7782D21E8242B000925F72 /* NotificationCenter.framework */ = {isa = PBXFileReference; lastKnownFileType = wrapper.framework; name = NotificationCenter.framework; path = System/Library/Frameworks/NotificationCenter.framework; sourceTree = SDKROOT; };
		AB7782E21E83C18900925F72 /* WidgetViewController.swift */ = {isa = PBXFileReference; fileEncoding = 4; lastKnownFileType = sourcecode.swift; name = WidgetViewController.swift; path = "MeowlWatch Widget/WidgetViewController.swift"; sourceTree = SOURCE_ROOT; };
		AB7782ED1E83C1AD00925F72 /* Base */ = {isa = PBXFileReference; lastKnownFileType = file.storyboard; name = Base; path = "MeowlWatch Widget/Base.lproj/MainInterface.storyboard"; sourceTree = SOURCE_ROOT; };
		AB7782F11E83CCD100925F72 /* SettingsTableViewController.swift */ = {isa = PBXFileReference; fileEncoding = 4; lastKnownFileType = sourcecode.swift; name = SettingsTableViewController.swift; path = MeowlWatch/SettingsTableViewController.swift; sourceTree = SOURCE_ROOT; };
		AB7782F41E83D99600925F72 /* MeowlWatch.entitlements */ = {isa = PBXFileReference; lastKnownFileType = text.plist.entitlements; name = MeowlWatch.entitlements; path = MeowlWatch/MeowlWatch.entitlements; sourceTree = SOURCE_ROOT; };
		AB7782F51E83DA4F00925F72 /* MeowlWatch Widget.entitlements */ = {isa = PBXFileReference; lastKnownFileType = text.plist.entitlements; name = "MeowlWatch Widget.entitlements"; path = "MeowlWatch Widget/MeowlWatch Widget.entitlements"; sourceTree = SOURCE_ROOT; };
		AB7783111E84460B00925F72 /* MeowlWatch.app */ = {isa = PBXFileReference; explicitFileType = wrapper.application; includeInIndex = 0; path = MeowlWatch.app; sourceTree = BUILT_PRODUCTS_DIR; };
		AB7B7FDB1E8E9F0500272655 /* MeowlWatch Full.app */ = {isa = PBXFileReference; explicitFileType = wrapper.application; includeInIndex = 0; path = "MeowlWatch Full.app"; sourceTree = BUILT_PRODUCTS_DIR; };
		AB8AF1E41EB860E500BE45A1 /* MeowlWatchSectionHeaderView.swift */ = {isa = PBXFileReference; fileEncoding = 4; lastKnownFileType = sourcecode.swift; name = MeowlWatchSectionHeaderView.swift; path = MeowlWatch/MeowlWatchSectionHeaderView.swift; sourceTree = SOURCE_ROOT; };
		AB8AF1EA1EB864D800BE45A1 /* MeowlWatchSectionHeaderView.xib */ = {isa = PBXFileReference; fileEncoding = 4; lastKnownFileType = file.xib; name = MeowlWatchSectionHeaderView.xib; path = MeowlWatch/MeowlWatchSectionHeaderView.xib; sourceTree = SOURCE_ROOT; };
		AB9C72301EC4BD470060ABC4 /* SearchResultsTableViewController.swift */ = {isa = PBXFileReference; fileEncoding = 4; lastKnownFileType = sourcecode.swift; name = SearchResultsTableViewController.swift; path = MeowlWatch/SearchResultsTableViewController.swift; sourceTree = SOURCE_ROOT; };
		ABA71FBF232B8FFC0024C964 /* Colors.xcassets */ = {isa = PBXFileReference; lastKnownFileType = folder.assetcatalog; path = Colors.xcassets; sourceTree = "<group>"; };
		ABA71FC4232B90E20024C964 /* UIColor+MeowlWatch.swift */ = {isa = PBXFileReference; lastKnownFileType = sourcecode.swift; path = "UIColor+MeowlWatch.swift"; sourceTree = "<group>"; };
		ABA9714A1E898ADB001A6AD8 /* StoreKit.framework */ = {isa = PBXFileReference; lastKnownFileType = wrapper.framework; name = StoreKit.framework; path = System/Library/Frameworks/StoreKit.framework; sourceTree = SDKROOT; };
		ABC11B1C1EB712FE00491E7B /* MeowlWatchUserTableViewCell.swift */ = {isa = PBXFileReference; fileEncoding = 4; lastKnownFileType = sourcecode.swift; name = MeowlWatchUserTableViewCell.swift; path = MeowlWatch/MeowlWatchUserTableViewCell.swift; sourceTree = SOURCE_ROOT; };
		ABC11B1D1EB712FE00491E7B /* MeowlWatchUserTableViewCell.xib */ = {isa = PBXFileReference; fileEncoding = 4; lastKnownFileType = file.xib; name = MeowlWatchUserTableViewCell.xib; path = MeowlWatch/MeowlWatchUserTableViewCell.xib; sourceTree = SOURCE_ROOT; };
		ABC11B201EB71EF100491E7B /* MeowlWatchDiningLocationTableViewCell.swift */ = {isa = PBXFileReference; fileEncoding = 4; lastKnownFileType = sourcecode.swift; name = MeowlWatchDiningLocationTableViewCell.swift; path = MeowlWatch/MeowlWatchDiningLocationTableViewCell.swift; sourceTree = SOURCE_ROOT; };
		ABC11B211EB71EF100491E7B /* MeowlWatchDiningLocationTableViewCell.xib */ = {isa = PBXFileReference; fileEncoding = 4; lastKnownFileType = file.xib; name = MeowlWatchDiningLocationTableViewCell.xib; path = MeowlWatch/MeowlWatchDiningLocationTableViewCell.xib; sourceTree = SOURCE_ROOT; };
		ABC11B261EB72DFD00491E7B /* DiningLocationSchedulesTableViewController.swift */ = {isa = PBXFileReference; fileEncoding = 4; lastKnownFileType = sourcecode.swift; name = DiningLocationSchedulesTableViewController.swift; path = MeowlWatch/DiningLocationSchedulesTableViewController.swift; sourceTree = SOURCE_ROOT; };
		ABC11B2C1EB7345800491E7B /* ScheduleRowTableViewCell.swift */ = {isa = PBXFileReference; fileEncoding = 4; lastKnownFileType = sourcecode.swift; name = ScheduleRowTableViewCell.swift; path = MeowlWatch/ScheduleRowTableViewCell.swift; sourceTree = SOURCE_ROOT; };
		ABC11B2D1EB7345800491E7B /* ScheduleRowTableViewCell.xib */ = {isa = PBXFileReference; fileEncoding = 4; lastKnownFileType = file.xib; name = ScheduleRowTableViewCell.xib; path = MeowlWatch/ScheduleRowTableViewCell.xib; sourceTree = SOURCE_ROOT; };
		ABD71CBB1EA08B3900B715AE /* MeowlWatchTableViewCell.swift */ = {isa = PBXFileReference; fileEncoding = 4; lastKnownFileType = sourcecode.swift; name = MeowlWatchTableViewCell.swift; path = MeowlWatch/MeowlWatchTableViewCell.swift; sourceTree = SOURCE_ROOT; };
		ABD71CBC1EA08B3900B715AE /* MeowlWatchTableViewCell.xib */ = {isa = PBXFileReference; fileEncoding = 4; lastKnownFileType = file.xib; name = MeowlWatchTableViewCell.xib; path = MeowlWatch/MeowlWatchTableViewCell.xib; sourceTree = SOURCE_ROOT; };
		ABF2FF84220D43EA00E97BB3 /* WidgetPreviewTableViewCell.swift */ = {isa = PBXFileReference; lastKnownFileType = sourcecode.swift; path = WidgetPreviewTableViewCell.swift; sourceTree = "<group>"; };
		ABF2FF85220D43EA00E97BB3 /* WidgetPreviewTableViewCell.xib */ = {isa = PBXFileReference; lastKnownFileType = file.xib; path = WidgetPreviewTableViewCell.xib; sourceTree = "<group>"; };
		ABF2FF89220D52E000E97BB3 /* MenuTableViewController.swift */ = {isa = PBXFileReference; lastKnownFileType = sourcecode.swift; path = MenuTableViewController.swift; sourceTree = "<group>"; };
		ABF2FF8B220D5A8700E97BB3 /* Menu.swift */ = {isa = PBXFileReference; lastKnownFileType = sourcecode.swift; path = Menu.swift; sourceTree = "<group>"; };
		ABF6FE632229DE2D00C7D831 /* MeowlWatchTests.xctest */ = {isa = PBXFileReference; explicitFileType = wrapper.cfbundle; includeInIndex = 0; path = MeowlWatchTests.xctest; sourceTree = BUILT_PRODUCTS_DIR; };
		ABF6FE6E2229DF4800C7D831 /* MeowlWatchTests.swift */ = {isa = PBXFileReference; lastKnownFileType = sourcecode.swift; path = MeowlWatchTests.swift; sourceTree = "<group>"; };
		ABFF170F1EB27BB3004BBEAE /* DiningHallSchedules.plist */ = {isa = PBXFileReference; fileEncoding = 4; lastKnownFileType = text.plist.xml; name = DiningHallSchedules.plist; path = MeowlWatchData/Schedules/DiningHallSchedules.plist; sourceTree = SOURCE_ROOT; };
		AEE346F2A9AD169A19031085 /* Pods-MeowlWatchData.debug.xcconfig */ = {isa = PBXFileReference; includeInIndex = 1; lastKnownFileType = text.xcconfig; name = "Pods-MeowlWatchData.debug.xcconfig"; path = "Pods/Target Support Files/Pods-MeowlWatchData/Pods-MeowlWatchData.debug.xcconfig"; sourceTree = "<group>"; };
		E1B860E29B4CC6EE08E693B1 /* Pods_MeowlWatch_Full.framework */ = {isa = PBXFileReference; explicitFileType = wrapper.framework; includeInIndex = 0; path = Pods_MeowlWatch_Full.framework; sourceTree = BUILT_PRODUCTS_DIR; };
/* End PBXFileReference section */

/* Begin PBXFrameworksBuildPhase section */
		AB2990081E93F356003020CD /* Frameworks */ = {
			isa = PBXFrameworksBuildPhase;
			buildActionMask = 2147483647;
			files = (
				9423B27372E78E527611E84F /* Pods_MeowlWatchData.framework in Frameworks */,
			);
			runOnlyForDeploymentPostprocessing = 0;
		};
		AB7782CE1E8242B000925F72 /* Frameworks */ = {
			isa = PBXFrameworksBuildPhase;
			buildActionMask = 2147483647;
			files = (
				AB2990151E93F3B4003020CD /* MeowlWatchData.framework in Frameworks */,
				AB7782D31E8242B000925F72 /* NotificationCenter.framework in Frameworks */,
			);
			runOnlyForDeploymentPostprocessing = 0;
		};
		AB7783021E84460B00925F72 /* Frameworks */ = {
			isa = PBXFrameworksBuildPhase;
			buildActionMask = 2147483647;
			files = (
				AB2990191E93F495003020CD /* MeowlWatchData.framework in Frameworks */,
				ABA9714B1E898ADB001A6AD8 /* StoreKit.framework in Frameworks */,
				4D1ED59379DBFBBAAA94944C /* Pods_MeowlWatch.framework in Frameworks */,
			);
			runOnlyForDeploymentPostprocessing = 0;
		};
		AB7B7FCB1E8E9F0500272655 /* Frameworks */ = {
			isa = PBXFrameworksBuildPhase;
			buildActionMask = 2147483647;
			files = (
				AB9B5FF21E9422C200754DBB /* MeowlWatchData.framework in Frameworks */,
				3D013BAAFC6B333A44517F92 /* Pods_MeowlWatch_Full.framework in Frameworks */,
			);
			runOnlyForDeploymentPostprocessing = 0;
		};
		ABF6FE602229DE2D00C7D831 /* Frameworks */ = {
			isa = PBXFrameworksBuildPhase;
			buildActionMask = 2147483647;
			files = (
			);
			runOnlyForDeploymentPostprocessing = 0;
		};
/* End PBXFrameworksBuildPhase section */

/* Begin PBXGroup section */
		AB27C1D91E7CCCAC00A90072 = {
			isa = PBXGroup;
			children = (
				ABA71FC3232B90BD0024C964 /* Shared UI */,
				ABF6FE6D2229DF0600C7D831 /* Tests */,
				AB27C1E41E7CCCAC00A90072 /* MeowlWatch */,
				AB7782D41E8242B000925F72 /* MeowlWatch Widget */,
				AB29900D1E93F356003020CD /* MeowlWatchData */,
				AB6478D32096A1BC00BBA481 /* Readmes */,
				AB6478D22096540F00BBA481 /* Git */,
				AB27C1E31E7CCCAC00A90072 /* Products */,
				AB27C1FB1E7E0E3500A90072 /* Frameworks */,
				EE7F08316547B41BCE27AF03 /* Pods */,
			);
			sourceTree = "<group>";
		};
		AB27C1E31E7CCCAC00A90072 /* Products */ = {
			isa = PBXGroup;
			children = (
				AB7782D11E8242B000925F72 /* MeowlWatch Widget.appex */,
				AB7783111E84460B00925F72 /* MeowlWatch.app */,
				AB7B7FDB1E8E9F0500272655 /* MeowlWatch Full.app */,
				AB29900C1E93F356003020CD /* MeowlWatchData.framework */,
				ABF6FE632229DE2D00C7D831 /* MeowlWatchTests.xctest */,
			);
			name = Products;
			sourceTree = "<group>";
		};
		AB27C1E41E7CCCAC00A90072 /* MeowlWatch */ = {
			isa = PBXGroup;
			children = (
				AB7782B71E8107FB00925F72 /* AppDelegate.swift */,
				AB4521F81EB9626000B6A1C1 /* View Controllers */,
				AB4521F91EB9627A00B6A1C1 /* Views */,
				AB4521FA1EB9629200B6A1C1 /* Supporting Files */,
				AB7782BF1E81083D00925F72 /* Main.storyboard */,
				AB7782C61E81087D00925F72 /* Assets.xcassets */,
				AB7782C21E81084F00925F72 /* LaunchScreen.storyboard */,
				AB27C1F11E7CCCAC00A90072 /* Info.plist */,
				AB7782F41E83D99600925F72 /* MeowlWatch.entitlements */,
				AB60AFA8220A479000C0C17B /* Localizable.strings */,
				AB60AFC1220A9B4000C0C17B /* Localizable.stringsdict */,
			);
			name = MeowlWatch;
			sourceTree = "<group>";
		};
		AB27C1FB1E7E0E3500A90072 /* Frameworks */ = {
			isa = PBXGroup;
			children = (
				ABA9714A1E898ADB001A6AD8 /* StoreKit.framework */,
				AB7782D21E8242B000925F72 /* NotificationCenter.framework */,
				0ECCA81CCF0B2BE3A19456FF /* Pods_MeowlWatch.framework */,
				E1B860E29B4CC6EE08E693B1 /* Pods_MeowlWatch_Full.framework */,
				35A10DE22B064C98170290F5 /* Pods_MeowlWatchData.framework */,
			);
			name = Frameworks;
			sourceTree = "<group>";
		};
		AB29900D1E93F356003020CD /* MeowlWatchData */ = {
			isa = PBXGroup;
			children = (
				AB3DEF8A1E96A84A0035F000 /* MeowlWatchData.h */,
				AB3DEF871E96A84A0035F000 /* MeowlWatchData.swift */,
				AB321A771EB6EAD9002BFD39 /* Schedules.swift */,
				AB3DEF881E96A84A0035F000 /* QueryResult.swift */,
				ABF2FF8B220D5A8700E97BB3 /* Menu.swift */,
				AB3DEF891E96A84A0035F000 /* Info.plist */,
				ABFF170F1EB27BB3004BBEAE /* DiningHallSchedules.plist */,
				AB321A711EB6C7B4002BFD39 /* CafeSchedules.plist */,
				AB321A731EB6D0D8002BFD39 /* NorrisSchedules.plist */,
			);
			path = MeowlWatchData;
			sourceTree = "<group>";
		};
		AB4521F81EB9626000B6A1C1 /* View Controllers */ = {
			isa = PBXGroup;
			children = (
				AB3DEF841E969FED0035F000 /* NavigationController.swift */,
				AB7782BA1E8107FB00925F72 /* MeowlWatchTableViewController.swift */,
				AB9C72301EC4BD470060ABC4 /* SearchResultsTableViewController.swift */,
				AB4521F51EB90D3500B6A1C1 /* ExpandableTableViewController.swift */,
				ABC11B261EB72DFD00491E7B /* DiningLocationSchedulesTableViewController.swift */,
				AB7782F11E83CCD100925F72 /* SettingsTableViewController.swift */,
				ABF2FF89220D52E000E97BB3 /* MenuTableViewController.swift */,
			);
			name = "View Controllers";
			sourceTree = "<group>";
		};
		AB4521F91EB9627A00B6A1C1 /* Views */ = {
			isa = PBXGroup;
			children = (
				AB3DEF811E969E410035F000 /* BannerAdToolbar.swift */,
				ABD71CBB1EA08B3900B715AE /* MeowlWatchTableViewCell.swift */,
				ABC11B1C1EB712FE00491E7B /* MeowlWatchUserTableViewCell.swift */,
				ABC11B201EB71EF100491E7B /* MeowlWatchDiningLocationTableViewCell.swift */,
				AB8AF1E41EB860E500BE45A1 /* MeowlWatchSectionHeaderView.swift */,
				ABC11B2C1EB7345800491E7B /* ScheduleRowTableViewCell.swift */,
				ABF2FF84220D43EA00E97BB3 /* WidgetPreviewTableViewCell.swift */,
			);
			name = Views;
			sourceTree = "<group>";
		};
		AB4521FA1EB9629200B6A1C1 /* Supporting Files */ = {
			isa = PBXGroup;
			children = (
				AB7782C81E8203EF00925F72 /* AdMobKeys-Debug.plist */,
				AB7782CA1E82062900925F72 /* AdMobKeys-Release.plist */,
				ABD71CBC1EA08B3900B715AE /* MeowlWatchTableViewCell.xib */,
				ABC11B1D1EB712FE00491E7B /* MeowlWatchUserTableViewCell.xib */,
				ABC11B211EB71EF100491E7B /* MeowlWatchDiningLocationTableViewCell.xib */,
				AB8AF1EA1EB864D800BE45A1 /* MeowlWatchSectionHeaderView.xib */,
				ABC11B2D1EB7345800491E7B /* ScheduleRowTableViewCell.xib */,
				ABF2FF85220D43EA00E97BB3 /* WidgetPreviewTableViewCell.xib */,
				AB009E631E8CC00A0096C625 /* LegalViewController.swift */,
				AB2990041E93F293003020CD /* UIViewController+Alerts.swift */,
			);
			name = "Supporting Files";
			sourceTree = "<group>";
		};
		AB6478D22096540F00BBA481 /* Git */ = {
			isa = PBXGroup;
			children = (
				AB7782CC1E82085900925F72 /* .gitignore */,
				AB6478D12096540B00BBA481 /* .gitmodules */,
			);
			name = Git;
			sourceTree = "<group>";
		};
		AB6478D32096A1BC00BBA481 /* Readmes */ = {
			isa = PBXGroup;
			children = (
				AB6478D52096A1D800BBA481 /* README.md */,
				AB6478D42096A1D700BBA481 /* CONTRIBUTING.md */,
				AB6478D62096A1D800BBA481 /* LICENSE.md */,
			);
			name = Readmes;
			sourceTree = "<group>";
		};
		AB7782D41E8242B000925F72 /* MeowlWatch Widget */ = {
			isa = PBXGroup;
			children = (
				AB7782E21E83C18900925F72 /* WidgetViewController.swift */,
				AB7782EC1E83C1AD00925F72 /* MainInterface.storyboard */,
				AB7782F51E83DA4F00925F72 /* MeowlWatch Widget.entitlements */,
				AB60AFC9220AC46100C0C17B /* Info.plist */,
				AB60AFCF220AC49900C0C17B /* InfoPlist.strings */,
			);
			path = "MeowlWatch Widget";
			sourceTree = "<group>";
		};
		ABA71FC3232B90BD0024C964 /* Shared UI */ = {
			isa = PBXGroup;
			children = (
				ABA71FBF232B8FFC0024C964 /* Colors.xcassets */,
				ABA71FC4232B90E20024C964 /* UIColor+MeowlWatch.swift */,
			);
			path = "Shared UI";
			sourceTree = "<group>";
		};
		ABF6FE6D2229DF0600C7D831 /* Tests */ = {
			isa = PBXGroup;
			children = (
				ABF6FE6E2229DF4800C7D831 /* MeowlWatchTests.swift */,
			);
			path = Tests;
			sourceTree = "<group>";
		};
		EE7F08316547B41BCE27AF03 /* Pods */ = {
			isa = PBXGroup;
			children = (
				97ACFCFB8CE7B512860CBC63 /* Pods-MeowlWatch.debug.xcconfig */,
				251C66331C19E70BC36CD253 /* Pods-MeowlWatch.release.xcconfig */,
				565657FBEBA0882267C0C7AF /* Pods-MeowlWatch Full.debug.xcconfig */,
				56114557925487238465C451 /* Pods-MeowlWatch Full.release.xcconfig */,
				AEE346F2A9AD169A19031085 /* Pods-MeowlWatchData.debug.xcconfig */,
				A86D569867F0D8C549C4AC46 /* Pods-MeowlWatchData.release.xcconfig */,
			);
			name = Pods;
			sourceTree = "<group>";
		};
/* End PBXGroup section */

/* Begin PBXHeadersBuildPhase section */
		AB2990091E93F356003020CD /* Headers */ = {
			isa = PBXHeadersBuildPhase;
			buildActionMask = 2147483647;
			files = (
				AB3DEF8E1E96A8510035F000 /* MeowlWatchData.h in Headers */,
			);
			runOnlyForDeploymentPostprocessing = 0;
		};
/* End PBXHeadersBuildPhase section */

/* Begin PBXNativeTarget section */
		AB29900B1E93F356003020CD /* MeowlWatchData */ = {
			isa = PBXNativeTarget;
			buildConfigurationList = AB2990111E93F357003020CD /* Build configuration list for PBXNativeTarget "MeowlWatchData" */;
			buildPhases = (
				F5E14CFE6958B9359751F365 /* [CP] Check Pods Manifest.lock */,
				AB2990071E93F356003020CD /* Sources */,
				AB2990081E93F356003020CD /* Frameworks */,
				AB2990091E93F356003020CD /* Headers */,
				AB29900A1E93F356003020CD /* Resources */,
			);
			buildRules = (
			);
			dependencies = (
			);
			name = MeowlWatchData;
			productName = "MeowlWatch Data";
			productReference = AB29900C1E93F356003020CD /* MeowlWatchData.framework */;
			productType = "com.apple.product-type.framework";
		};
		AB7782D01E8242B000925F72 /* MeowlWatch Widget */ = {
			isa = PBXNativeTarget;
			buildConfigurationList = AB7782DE1E8242B000925F72 /* Build configuration list for PBXNativeTarget "MeowlWatch Widget" */;
			buildPhases = (
				AB7782CD1E8242B000925F72 /* Sources */,
				AB7782CE1E8242B000925F72 /* Frameworks */,
				AB7782CF1E8242B000925F72 /* Resources */,
			);
			buildRules = (
			);
			dependencies = (
			);
			name = "MeowlWatch Widget";
			productName = MeowlWatchToday;
			productReference = AB7782D11E8242B000925F72 /* MeowlWatch Widget.appex */;
			productType = "com.apple.product-type.app-extension";
		};
		AB7782F81E84460B00925F72 /* MeowlWatch */ = {
			isa = PBXNativeTarget;
			buildConfigurationList = AB77830E1E84460B00925F72 /* Build configuration list for PBXNativeTarget "MeowlWatch" */;
			buildPhases = (
				7A46952B638C8BD38948D5E1 /* [CP] Check Pods Manifest.lock */,
				AB7782FC1E84460B00925F72 /* Sources */,
				AB7783021E84460B00925F72 /* Frameworks */,
				AB7783041E84460B00925F72 /* Resources */,
				AB77830C1E84460B00925F72 /* Embed App Extensions */,
				AB29901D1E93F496003020CD /* Embed Frameworks */,
				A1BDEBA2A1B7EF1BB85D0DBE /* [CP] Embed Pods Frameworks */,
			);
			buildRules = (
			);
			dependencies = (
				AB7782F91E84460B00925F72 /* PBXTargetDependency */,
				AB29901C1E93F495003020CD /* PBXTargetDependency */,
			);
			name = MeowlWatch;
			productName = "NU Points";
			productReference = AB7783111E84460B00925F72 /* MeowlWatch.app */;
			productType = "com.apple.product-type.application";
		};
		AB7B7FC01E8E9F0500272655 /* MeowlWatch Full */ = {
			isa = PBXNativeTarget;
			buildConfigurationList = AB7B7FD81E8E9F0500272655 /* Build configuration list for PBXNativeTarget "MeowlWatch Full" */;
			buildPhases = (
				7413535AB6019FBC9FED9A6A /* [CP] Check Pods Manifest.lock */,
				AB7B7FC41E8E9F0500272655 /* Sources */,
				AB7B7FCB1E8E9F0500272655 /* Frameworks */,
				AB7B7FCE1E8E9F0500272655 /* Resources */,
				AB7B7FF51E8F26B400272655 /* Embed App Extensions */,
				AB9B5FF61E9422C200754DBB /* Embed Frameworks */,
				7B0E3D594D14778702935A8B /* [CP] Embed Pods Frameworks */,
			);
			buildRules = (
			);
			dependencies = (
				AB7B7FF41E8F26B300272655 /* PBXTargetDependency */,
				AB9B5FF51E9422C200754DBB /* PBXTargetDependency */,
			);
			name = "MeowlWatch Full";
			productName = "NU Points";
			productReference = AB7B7FDB1E8E9F0500272655 /* MeowlWatch Full.app */;
			productType = "com.apple.product-type.application";
		};
		ABF6FE622229DE2D00C7D831 /* MeowlWatchTests */ = {
			isa = PBXNativeTarget;
			buildConfigurationList = ABF6FE6C2229DE2D00C7D831 /* Build configuration list for PBXNativeTarget "MeowlWatchTests" */;
			buildPhases = (
				ABF6FE5F2229DE2D00C7D831 /* Sources */,
				ABF6FE602229DE2D00C7D831 /* Frameworks */,
				ABF6FE612229DE2D00C7D831 /* Resources */,
			);
			buildRules = (
			);
			dependencies = (
				ABF6FE692229DE2D00C7D831 /* PBXTargetDependency */,
			);
			name = MeowlWatchTests;
			productName = MeowlWatchTests;
			productReference = ABF6FE632229DE2D00C7D831 /* MeowlWatchTests.xctest */;
			productType = "com.apple.product-type.bundle.unit-test";
		};
/* End PBXNativeTarget section */

/* Begin PBXProject section */
		AB27C1DA1E7CCCAC00A90072 /* Project object */ = {
			isa = PBXProject;
			attributes = {
				LastSwiftUpdateCheck = 1010;
				LastUpgradeCheck = 0930;
				ORGANIZATIONNAME = "Jonathan Chan";
				TargetAttributes = {
					AB29900B1E93F356003020CD = {
						CreatedOnToolsVersion = 8.3;
						DevelopmentTeam = 3A2N53KSLM;
						LastSwiftMigration = 1100;
						ProvisioningStyle = Automatic;
					};
					AB7782D01E8242B000925F72 = {
						CreatedOnToolsVersion = 8.2.1;
						DevelopmentTeam = 3A2N53KSLM;
						LastSwiftMigration = 1100;
						ProvisioningStyle = Automatic;
						SystemCapabilities = {
							com.apple.ApplicationGroups.iOS = {
								enabled = 1;
							};
						};
					};
					AB7782F81E84460B00925F72 = {
						DevelopmentTeam = 3A2N53KSLM;
						LastSwiftMigration = 1100;
						SystemCapabilities = {
							com.apple.ApplicationGroups.iOS = {
								enabled = 1;
							};
							com.apple.InAppPurchase = {
								enabled = 1;
							};
						};
					};
					AB7B7FC01E8E9F0500272655 = {
						DevelopmentTeam = 3A2N53KSLM;
						LastSwiftMigration = 0900;
					};
					ABF6FE622229DE2D00C7D831 = {
						CreatedOnToolsVersion = 10.1;
						DevelopmentTeam = 3A2N53KSLM;
						LastSwiftMigration = 1100;
						ProvisioningStyle = Automatic;
						TestTargetID = AB7782F81E84460B00925F72;
					};
				};
			};
			buildConfigurationList = AB27C1DD1E7CCCAC00A90072 /* Build configuration list for PBXProject "MeowlWatch" */;
			compatibilityVersion = "Xcode 3.2";
			developmentRegion = en;
			hasScannedForEncodings = 0;
			knownRegions = (
				en,
				Base,
				"zh-Hans",
				"zh-Hant",
				fr,
			);
			mainGroup = AB27C1D91E7CCCAC00A90072;
			productRefGroup = AB27C1E31E7CCCAC00A90072 /* Products */;
			projectDirPath = "";
			projectRoot = "";
			targets = (
				AB7782F81E84460B00925F72 /* MeowlWatch */,
				AB7B7FC01E8E9F0500272655 /* MeowlWatch Full */,
				AB7782D01E8242B000925F72 /* MeowlWatch Widget */,
				AB29900B1E93F356003020CD /* MeowlWatchData */,
				ABF6FE622229DE2D00C7D831 /* MeowlWatchTests */,
			);
		};
/* End PBXProject section */

/* Begin PBXResourcesBuildPhase section */
		AB29900A1E93F356003020CD /* Resources */ = {
			isa = PBXResourcesBuildPhase;
			buildActionMask = 2147483647;
			files = (
			);
			runOnlyForDeploymentPostprocessing = 0;
		};
		AB7782CF1E8242B000925F72 /* Resources */ = {
			isa = PBXResourcesBuildPhase;
			buildActionMask = 2147483647;
			files = (
				ABC11B3E1EB7938F00491E7B /* NorrisSchedules.plist in Resources */,
				AB60AFD0220AC63C00C0C17B /* Localizable.strings in Resources */,
				AB7782EE1E83C1AD00925F72 /* MainInterface.storyboard in Resources */,
				ABC11B3C1EB7938F00491E7B /* DiningHallSchedules.plist in Resources */,
				ABC11B3D1EB7938F00491E7B /* CafeSchedules.plist in Resources */,
				ABA71FC2232B8FFC0024C964 /* Colors.xcassets in Resources */,
				AB60AFCD220AC49900C0C17B /* InfoPlist.strings in Resources */,
				AB60AFD1220AC63C00C0C17B /* Localizable.stringsdict in Resources */,
			);
			runOnlyForDeploymentPostprocessing = 0;
		};
		AB7783041E84460B00925F72 /* Resources */ = {
			isa = PBXResourcesBuildPhase;
			buildActionMask = 2147483647;
			files = (
				ABC11B361EB7938D00491E7B /* NorrisSchedules.plist in Resources */,
				ABD71CBF1EA08B3900B715AE /* MeowlWatchTableViewCell.xib in Resources */,
				ABC11B1F1EB712FE00491E7B /* MeowlWatchUserTableViewCell.xib in Resources */,
				AB7783051E84460B00925F72 /* AdMobKeys-Debug.plist in Resources */,
				AB7783061E84460B00925F72 /* LaunchScreen.storyboard in Resources */,
				AB7783071E84460B00925F72 /* Assets.xcassets in Resources */,
				ABC11B351EB7938D00491E7B /* CafeSchedules.plist in Resources */,
				ABC11B241EB71EF100491E7B /* MeowlWatchDiningLocationTableViewCell.xib in Resources */,
				ABF2FF87220D43EA00E97BB3 /* WidgetPreviewTableViewCell.xib in Resources */,
				AB60AFBE220A9B4000C0C17B /* Localizable.stringsdict in Resources */,
				AB7783081E84460B00925F72 /* Main.storyboard in Resources */,
				AB7783091E84460B00925F72 /* AdMobKeys-Release.plist in Resources */,
				AB8AF1EB1EB864D800BE45A1 /* MeowlWatchSectionHeaderView.xib in Resources */,
				AB60AFA5220A479000C0C17B /* Localizable.strings in Resources */,
				ABC11B301EB7345800491E7B /* ScheduleRowTableViewCell.xib in Resources */,
				ABA71FC0232B8FFC0024C964 /* Colors.xcassets in Resources */,
				ABC11B341EB7938D00491E7B /* DiningHallSchedules.plist in Resources */,
			);
			runOnlyForDeploymentPostprocessing = 0;
		};
		AB7B7FCE1E8E9F0500272655 /* Resources */ = {
			isa = PBXResourcesBuildPhase;
			buildActionMask = 2147483647;
			files = (
				ABC11B3A1EB7938E00491E7B /* NorrisSchedules.plist in Resources */,
				ABD71CC01EA08B3900B715AE /* MeowlWatchTableViewCell.xib in Resources */,
				ABC11B331EB790A200491E7B /* MeowlWatchUserTableViewCell.xib in Resources */,
				AB7B7FCF1E8E9F0500272655 /* AdMobKeys-Debug.plist in Resources */,
				AB7B7FD01E8E9F0500272655 /* LaunchScreen.storyboard in Resources */,
				ABC11B251EB71EF100491E7B /* MeowlWatchDiningLocationTableViewCell.xib in Resources */,
				ABC11B391EB7938E00491E7B /* CafeSchedules.plist in Resources */,
				AB7B7FD11E8E9F0500272655 /* Assets.xcassets in Resources */,
				AB60AFBF220A9B4000C0C17B /* Localizable.stringsdict in Resources */,
				ABC11B311EB7345800491E7B /* ScheduleRowTableViewCell.xib in Resources */,
				AB7B7FD21E8E9F0500272655 /* Main.storyboard in Resources */,
				AB8AF1EC1EB864D800BE45A1 /* MeowlWatchSectionHeaderView.xib in Resources */,
				AB60AFA6220A479000C0C17B /* Localizable.strings in Resources */,
				ABA71FC1232B8FFC0024C964 /* Colors.xcassets in Resources */,
				AB7B7FD31E8E9F0500272655 /* AdMobKeys-Release.plist in Resources */,
				ABC11B381EB7938E00491E7B /* DiningHallSchedules.plist in Resources */,
			);
			runOnlyForDeploymentPostprocessing = 0;
		};
		ABF6FE612229DE2D00C7D831 /* Resources */ = {
			isa = PBXResourcesBuildPhase;
			buildActionMask = 2147483647;
			files = (
			);
			runOnlyForDeploymentPostprocessing = 0;
		};
/* End PBXResourcesBuildPhase section */

/* Begin PBXShellScriptBuildPhase section */
		7413535AB6019FBC9FED9A6A /* [CP] Check Pods Manifest.lock */ = {
			isa = PBXShellScriptBuildPhase;
			buildActionMask = 2147483647;
			files = (
			);
			inputPaths = (
				"${PODS_PODFILE_DIR_PATH}/Podfile.lock",
				"${PODS_ROOT}/Manifest.lock",
			);
			name = "[CP] Check Pods Manifest.lock";
			outputPaths = (
				"$(DERIVED_FILE_DIR)/Pods-MeowlWatch Full-checkManifestLockResult.txt",
			);
			runOnlyForDeploymentPostprocessing = 0;
			shellPath = /bin/sh;
			shellScript = "diff \"${PODS_PODFILE_DIR_PATH}/Podfile.lock\" \"${PODS_ROOT}/Manifest.lock\" > /dev/null\nif [ $? != 0 ] ; then\n    # print error to STDERR\n    echo \"error: The sandbox is not in sync with the Podfile.lock. Run 'pod install' or update your CocoaPods installation.\" >&2\n    exit 1\nfi\n# This output is used by Xcode 'outputs' to avoid re-running this script phase.\necho \"SUCCESS\" > \"${SCRIPT_OUTPUT_FILE_0}\"\n";
			showEnvVarsInLog = 0;
		};
		7A46952B638C8BD38948D5E1 /* [CP] Check Pods Manifest.lock */ = {
			isa = PBXShellScriptBuildPhase;
			buildActionMask = 2147483647;
			files = (
			);
			inputPaths = (
				"${PODS_PODFILE_DIR_PATH}/Podfile.lock",
				"${PODS_ROOT}/Manifest.lock",
			);
			name = "[CP] Check Pods Manifest.lock";
			outputPaths = (
				"$(DERIVED_FILE_DIR)/Pods-MeowlWatch-checkManifestLockResult.txt",
			);
			runOnlyForDeploymentPostprocessing = 0;
			shellPath = /bin/sh;
			shellScript = "diff \"${PODS_PODFILE_DIR_PATH}/Podfile.lock\" \"${PODS_ROOT}/Manifest.lock\" > /dev/null\nif [ $? != 0 ] ; then\n    # print error to STDERR\n    echo \"error: The sandbox is not in sync with the Podfile.lock. Run 'pod install' or update your CocoaPods installation.\" >&2\n    exit 1\nfi\n# This output is used by Xcode 'outputs' to avoid re-running this script phase.\necho \"SUCCESS\" > \"${SCRIPT_OUTPUT_FILE_0}\"\n";
			showEnvVarsInLog = 0;
		};
		7B0E3D594D14778702935A8B /* [CP] Embed Pods Frameworks */ = {
			isa = PBXShellScriptBuildPhase;
			buildActionMask = 2147483647;
			files = (
			);
			inputPaths = (
				"${SRCROOT}/Pods/Target Support Files/Pods-MeowlWatch Full/Pods-MeowlWatch Full-frameworks.sh",
				"${BUILT_PRODUCTS_DIR}/Siren/Siren.framework",
				"${BUILT_PRODUCTS_DIR}/Alamofire/Alamofire.framework",
				"${BUILT_PRODUCTS_DIR}/Kanna/Kanna.framework",
				"${BUILT_PRODUCTS_DIR}/SwiftKeychainWrapper/SwiftKeychainWrapper.framework",
			);
			name = "[CP] Embed Pods Frameworks";
			outputPaths = (
				"${TARGET_BUILD_DIR}/${FRAMEWORKS_FOLDER_PATH}/Siren.framework",
				"${TARGET_BUILD_DIR}/${FRAMEWORKS_FOLDER_PATH}/Alamofire.framework",
				"${TARGET_BUILD_DIR}/${FRAMEWORKS_FOLDER_PATH}/Kanna.framework",
				"${TARGET_BUILD_DIR}/${FRAMEWORKS_FOLDER_PATH}/SwiftKeychainWrapper.framework",
			);
			runOnlyForDeploymentPostprocessing = 0;
			shellPath = /bin/sh;
			shellScript = "\"${SRCROOT}/Pods/Target Support Files/Pods-MeowlWatch Full/Pods-MeowlWatch Full-frameworks.sh\"\n";
			showEnvVarsInLog = 0;
		};
		A1BDEBA2A1B7EF1BB85D0DBE /* [CP] Embed Pods Frameworks */ = {
			isa = PBXShellScriptBuildPhase;
			buildActionMask = 2147483647;
			files = (
			);
			inputPaths = (
				"${SRCROOT}/Pods/Target Support Files/Pods-MeowlWatch/Pods-MeowlWatch-frameworks.sh",
				"${BUILT_PRODUCTS_DIR}/Siren/Siren.framework",
				"${BUILT_PRODUCTS_DIR}/Alamofire/Alamofire.framework",
				"${BUILT_PRODUCTS_DIR}/Kanna/Kanna.framework",
				"${BUILT_PRODUCTS_DIR}/SwiftKeychainWrapper/SwiftKeychainWrapper.framework",
			);
			name = "[CP] Embed Pods Frameworks";
			outputPaths = (
				"${TARGET_BUILD_DIR}/${FRAMEWORKS_FOLDER_PATH}/Siren.framework",
				"${TARGET_BUILD_DIR}/${FRAMEWORKS_FOLDER_PATH}/Alamofire.framework",
				"${TARGET_BUILD_DIR}/${FRAMEWORKS_FOLDER_PATH}/Kanna.framework",
				"${TARGET_BUILD_DIR}/${FRAMEWORKS_FOLDER_PATH}/SwiftKeychainWrapper.framework",
			);
			runOnlyForDeploymentPostprocessing = 0;
			shellPath = /bin/sh;
			shellScript = "\"${SRCROOT}/Pods/Target Support Files/Pods-MeowlWatch/Pods-MeowlWatch-frameworks.sh\"\n";
			showEnvVarsInLog = 0;
		};
		F5E14CFE6958B9359751F365 /* [CP] Check Pods Manifest.lock */ = {
			isa = PBXShellScriptBuildPhase;
			buildActionMask = 2147483647;
			files = (
			);
			inputPaths = (
				"${PODS_PODFILE_DIR_PATH}/Podfile.lock",
				"${PODS_ROOT}/Manifest.lock",
			);
			name = "[CP] Check Pods Manifest.lock";
			outputPaths = (
				"$(DERIVED_FILE_DIR)/Pods-MeowlWatchData-checkManifestLockResult.txt",
			);
			runOnlyForDeploymentPostprocessing = 0;
			shellPath = /bin/sh;
			shellScript = "diff \"${PODS_PODFILE_DIR_PATH}/Podfile.lock\" \"${PODS_ROOT}/Manifest.lock\" > /dev/null\nif [ $? != 0 ] ; then\n    # print error to STDERR\n    echo \"error: The sandbox is not in sync with the Podfile.lock. Run 'pod install' or update your CocoaPods installation.\" >&2\n    exit 1\nfi\n# This output is used by Xcode 'outputs' to avoid re-running this script phase.\necho \"SUCCESS\" > \"${SCRIPT_OUTPUT_FILE_0}\"\n";
			showEnvVarsInLog = 0;
		};
/* End PBXShellScriptBuildPhase section */

/* Begin PBXSourcesBuildPhase section */
		AB2990071E93F356003020CD /* Sources */ = {
			isa = PBXSourcesBuildPhase;
			buildActionMask = 2147483647;
			files = (
				AB321A781EB6EAD9002BFD39 /* Schedules.swift in Sources */,
				AB3DEF901E96A8570035F000 /* MeowlWatchData.swift in Sources */,
				ABF2FF8C220D5A8700E97BB3 /* Menu.swift in Sources */,
				AB3DEF8F1E96A8540035F000 /* QueryResult.swift in Sources */,
			);
			runOnlyForDeploymentPostprocessing = 0;
		};
		AB7782CD1E8242B000925F72 /* Sources */ = {
			isa = PBXSourcesBuildPhase;
			buildActionMask = 2147483647;
			files = (
				ABA71FC7232B90E20024C964 /* UIColor+MeowlWatch.swift in Sources */,
				AB7782E31E83C18900925F72 /* WidgetViewController.swift in Sources */,
			);
			runOnlyForDeploymentPostprocessing = 0;
		};
		AB7782FC1E84460B00925F72 /* Sources */ = {
			isa = PBXSourcesBuildPhase;
			buildActionMask = 2147483647;
			files = (
				AB3DEF821E969E410035F000 /* BannerAdToolbar.swift in Sources */,
				AB7782FE1E84460B00925F72 /* SettingsTableViewController.swift in Sources */,
				AB7782FF1E84460B00925F72 /* AppDelegate.swift in Sources */,
				ABC11B221EB71EF100491E7B /* MeowlWatchDiningLocationTableViewCell.swift in Sources */,
				AB4521F61EB90D3500B6A1C1 /* ExpandableTableViewController.swift in Sources */,
				AB009E641E8CC00A0096C625 /* LegalViewController.swift in Sources */,
				ABA71FC5232B90E20024C964 /* UIColor+MeowlWatch.swift in Sources */,
				AB2990051E93F293003020CD /* UIViewController+Alerts.swift in Sources */,
				AB9C72311EC4BD470060ABC4 /* SearchResultsTableViewController.swift in Sources */,
				ABF2FF86220D43EA00E97BB3 /* WidgetPreviewTableViewCell.swift in Sources */,
				AB8AF1E51EB860E500BE45A1 /* MeowlWatchSectionHeaderView.swift in Sources */,
				AB3DEF851E969FED0035F000 /* NavigationController.swift in Sources */,
				ABF2FF8A220D52E000E97BB3 /* MenuTableViewController.swift in Sources */,
				ABC11B281EB72DFD00491E7B /* DiningLocationSchedulesTableViewController.swift in Sources */,
				ABC11B1E1EB712FE00491E7B /* MeowlWatchUserTableViewCell.swift in Sources */,
				ABC11B2E1EB7345800491E7B /* ScheduleRowTableViewCell.swift in Sources */,
				ABD71CBD1EA08B3900B715AE /* MeowlWatchTableViewCell.swift in Sources */,
				AB7783011E84460B00925F72 /* MeowlWatchTableViewController.swift in Sources */,
			);
			runOnlyForDeploymentPostprocessing = 0;
		};
		AB7B7FC41E8E9F0500272655 /* Sources */ = {
			isa = PBXSourcesBuildPhase;
			buildActionMask = 2147483647;
			files = (
				ABC11B291EB72DFD00491E7B /* DiningLocationSchedulesTableViewController.swift in Sources */,
				ABC11B2F1EB7345800491E7B /* ScheduleRowTableViewCell.swift in Sources */,
				ABC11B321EB7909900491E7B /* MeowlWatchUserTableViewCell.swift in Sources */,
				AB3DEF831E969E410035F000 /* BannerAdToolbar.swift in Sources */,
				AB4521F71EB90D3500B6A1C1 /* ExpandableTableViewController.swift in Sources */,
				AB7B7FC61E8E9F0500272655 /* SettingsTableViewController.swift in Sources */,
				ABA71FC6232B90E20024C964 /* UIColor+MeowlWatch.swift in Sources */,
				AB7B7FC71E8E9F0500272655 /* AppDelegate.swift in Sources */,
				AB9C72321EC4BD4A0060ABC4 /* SearchResultsTableViewController.swift in Sources */,
				ABF2FF88220D43F000E97BB3 /* WidgetPreviewTableViewCell.swift in Sources */,
				AB8AF1E61EB860E500BE45A1 /* MeowlWatchSectionHeaderView.swift in Sources */,
				AB7B7FC91E8E9F0500272655 /* LegalViewController.swift in Sources */,
				ABF2FF8D220E541400E97BB3 /* MenuTableViewController.swift in Sources */,
				AB2990061E93F293003020CD /* UIViewController+Alerts.swift in Sources */,
				ABC11B231EB71EF100491E7B /* MeowlWatchDiningLocationTableViewCell.swift in Sources */,
				AB3DEF861E969FED0035F000 /* NavigationController.swift in Sources */,
				ABD71CBE1EA08B3900B715AE /* MeowlWatchTableViewCell.swift in Sources */,
				AB7B7FCA1E8E9F0500272655 /* MeowlWatchTableViewController.swift in Sources */,
			);
			runOnlyForDeploymentPostprocessing = 0;
		};
		ABF6FE5F2229DE2D00C7D831 /* Sources */ = {
			isa = PBXSourcesBuildPhase;
			buildActionMask = 2147483647;
			files = (
				ABF6FE6F2229DF4800C7D831 /* MeowlWatchTests.swift in Sources */,
			);
			runOnlyForDeploymentPostprocessing = 0;
		};
/* End PBXSourcesBuildPhase section */

/* Begin PBXTargetDependency section */
		AB29901C1E93F495003020CD /* PBXTargetDependency */ = {
			isa = PBXTargetDependency;
			target = AB29900B1E93F356003020CD /* MeowlWatchData */;
			targetProxy = AB29901B1E93F495003020CD /* PBXContainerItemProxy */;
		};
		AB7782F91E84460B00925F72 /* PBXTargetDependency */ = {
			isa = PBXTargetDependency;
			target = AB7782D01E8242B000925F72 /* MeowlWatch Widget */;
			targetProxy = AB7782FA1E84460B00925F72 /* PBXContainerItemProxy */;
		};
		AB7B7FF41E8F26B300272655 /* PBXTargetDependency */ = {
			isa = PBXTargetDependency;
			target = AB7782D01E8242B000925F72 /* MeowlWatch Widget */;
			targetProxy = AB7B7FF31E8F26B300272655 /* PBXContainerItemProxy */;
		};
		AB9B5FF51E9422C200754DBB /* PBXTargetDependency */ = {
			isa = PBXTargetDependency;
			target = AB29900B1E93F356003020CD /* MeowlWatchData */;
			targetProxy = AB9B5FF41E9422C200754DBB /* PBXContainerItemProxy */;
		};
		ABF6FE692229DE2D00C7D831 /* PBXTargetDependency */ = {
			isa = PBXTargetDependency;
			target = AB7782F81E84460B00925F72 /* MeowlWatch */;
			targetProxy = ABF6FE682229DE2D00C7D831 /* PBXContainerItemProxy */;
		};
/* End PBXTargetDependency section */

/* Begin PBXVariantGroup section */
		AB60AFA8220A479000C0C17B /* Localizable.strings */ = {
			isa = PBXVariantGroup;
			children = (
				AB60AFA7220A479000C0C17B /* en */,
				AB60AFB1220A50A000C0C17B /* zh-Hans */,
				AB60AFD8220B47C300C0C17B /* zh-Hant */,
				AB60AFDB220B7F3D00C0C17B /* fr */,
			);
			name = Localizable.strings;
			sourceTree = "<group>";
		};
		AB60AFC1220A9B4000C0C17B /* Localizable.stringsdict */ = {
			isa = PBXVariantGroup;
			children = (
				AB60AFC0220A9B4000C0C17B /* en */,
				AB60AFC3220A9F1800C0C17B /* zh-Hans */,
				AB60AFD6220B477F00C0C17B /* zh-Hant */,
				AB60AFDC220B7F3E00C0C17B /* fr */,
			);
			name = Localizable.stringsdict;
			sourceTree = "<group>";
		};
		AB60AFCF220AC49900C0C17B /* InfoPlist.strings */ = {
			isa = PBXVariantGroup;
			children = (
				AB60AFCE220AC49900C0C17B /* zh-Hans */,
				AB60AFD7220B477F00C0C17B /* zh-Hant */,
				AB60AFDD220B7F3E00C0C17B /* fr */,
			);
			name = InfoPlist.strings;
			sourceTree = "<group>";
		};
		AB7782BF1E81083D00925F72 /* Main.storyboard */ = {
			isa = PBXVariantGroup;
			children = (
				AB7782C01E81083D00925F72 /* Base */,
				AB60AFC4220AA0A200C0C17B /* zh-Hans */,
				AB60AFD4220B477E00C0C17B /* zh-Hant */,
				AB60AFDA220B7F3D00C0C17B /* fr */,
			);
			name = Main.storyboard;
			sourceTree = "<group>";
		};
		AB7782C21E81084F00925F72 /* LaunchScreen.storyboard */ = {
			isa = PBXVariantGroup;
			children = (
				AB7782C31E81084F00925F72 /* Base */,
			);
			name = LaunchScreen.storyboard;
			sourceTree = "<group>";
		};
		AB7782EC1E83C1AD00925F72 /* MainInterface.storyboard */ = {
			isa = PBXVariantGroup;
			children = (
				AB7782ED1E83C1AD00925F72 /* Base */,
				AB60AFB0220A50A000C0C17B /* zh-Hans */,
				AB60AFD3220B477E00C0C17B /* zh-Hant */,
				AB60AFD9220B7F3D00C0C17B /* fr */,
			);
			name = MainInterface.storyboard;
			sourceTree = "<group>";
		};
/* End PBXVariantGroup section */

/* Begin XCBuildConfiguration section */
		AB27C1F21E7CCCAC00A90072 /* Debug */ = {
			isa = XCBuildConfiguration;
			buildSettings = {
				ALWAYS_SEARCH_USER_PATHS = NO;
				CLANG_ANALYZER_LOCALIZABILITY_NONLOCALIZED = YES;
				CLANG_ANALYZER_NONNULL = YES;
				CLANG_CXX_LANGUAGE_STANDARD = "gnu++0x";
				CLANG_CXX_LIBRARY = "libc++";
				CLANG_ENABLE_MODULES = YES;
				CLANG_ENABLE_OBJC_ARC = YES;
				CLANG_WARN_BLOCK_CAPTURE_AUTORELEASING = YES;
				CLANG_WARN_BOOL_CONVERSION = YES;
				CLANG_WARN_COMMA = YES;
				CLANG_WARN_CONSTANT_CONVERSION = YES;
				CLANG_WARN_DEPRECATED_OBJC_IMPLEMENTATIONS = YES;
				CLANG_WARN_DIRECT_OBJC_ISA_USAGE = YES_ERROR;
				CLANG_WARN_DOCUMENTATION_COMMENTS = YES;
				CLANG_WARN_EMPTY_BODY = YES;
				CLANG_WARN_ENUM_CONVERSION = YES;
				CLANG_WARN_INFINITE_RECURSION = YES;
				CLANG_WARN_INT_CONVERSION = YES;
				CLANG_WARN_NON_LITERAL_NULL_CONVERSION = YES;
				CLANG_WARN_OBJC_IMPLICIT_RETAIN_SELF = YES;
				CLANG_WARN_OBJC_LITERAL_CONVERSION = YES;
				CLANG_WARN_OBJC_ROOT_CLASS = YES_ERROR;
				CLANG_WARN_RANGE_LOOP_ANALYSIS = YES;
				CLANG_WARN_STRICT_PROTOTYPES = YES;
				CLANG_WARN_SUSPICIOUS_MOVE = YES;
				CLANG_WARN_UNREACHABLE_CODE = YES;
				CLANG_WARN__DUPLICATE_METHOD_MATCH = YES;
				"CODE_SIGN_IDENTITY[sdk=iphoneos*]" = "iPhone Developer";
				COPY_PHASE_STRIP = NO;
				DEBUG_INFORMATION_FORMAT = dwarf;
				ENABLE_STRICT_OBJC_MSGSEND = YES;
				ENABLE_TESTABILITY = YES;
				GCC_C_LANGUAGE_STANDARD = gnu99;
				GCC_DYNAMIC_NO_PIC = NO;
				GCC_NO_COMMON_BLOCKS = YES;
				GCC_OPTIMIZATION_LEVEL = 0;
				GCC_PREPROCESSOR_DEFINITIONS = (
					"DEBUG=1",
					"$(inherited)",
				);
				GCC_WARN_64_TO_32_BIT_CONVERSION = YES;
				GCC_WARN_ABOUT_RETURN_TYPE = YES_ERROR;
				GCC_WARN_UNDECLARED_SELECTOR = YES;
				GCC_WARN_UNINITIALIZED_AUTOS = YES_AGGRESSIVE;
				GCC_WARN_UNUSED_FUNCTION = YES;
				GCC_WARN_UNUSED_VARIABLE = YES;
				IPHONEOS_DEPLOYMENT_TARGET = 10.2;
				MTL_ENABLE_DEBUG_INFO = YES;
				ONLY_ACTIVE_ARCH = YES;
				SDKROOT = iphoneos;
				SWIFT_ACTIVE_COMPILATION_CONDITIONS = DEBUG;
				SWIFT_OPTIMIZATION_LEVEL = "-Onone";
			};
			name = Debug;
		};
		AB27C1F31E7CCCAC00A90072 /* Release */ = {
			isa = XCBuildConfiguration;
			buildSettings = {
				ALWAYS_SEARCH_USER_PATHS = NO;
				CLANG_ANALYZER_LOCALIZABILITY_NONLOCALIZED = YES;
				CLANG_ANALYZER_NONNULL = YES;
				CLANG_CXX_LANGUAGE_STANDARD = "gnu++0x";
				CLANG_CXX_LIBRARY = "libc++";
				CLANG_ENABLE_MODULES = YES;
				CLANG_ENABLE_OBJC_ARC = YES;
				CLANG_WARN_BLOCK_CAPTURE_AUTORELEASING = YES;
				CLANG_WARN_BOOL_CONVERSION = YES;
				CLANG_WARN_COMMA = YES;
				CLANG_WARN_CONSTANT_CONVERSION = YES;
				CLANG_WARN_DEPRECATED_OBJC_IMPLEMENTATIONS = YES;
				CLANG_WARN_DIRECT_OBJC_ISA_USAGE = YES_ERROR;
				CLANG_WARN_DOCUMENTATION_COMMENTS = YES;
				CLANG_WARN_EMPTY_BODY = YES;
				CLANG_WARN_ENUM_CONVERSION = YES;
				CLANG_WARN_INFINITE_RECURSION = YES;
				CLANG_WARN_INT_CONVERSION = YES;
				CLANG_WARN_NON_LITERAL_NULL_CONVERSION = YES;
				CLANG_WARN_OBJC_IMPLICIT_RETAIN_SELF = YES;
				CLANG_WARN_OBJC_LITERAL_CONVERSION = YES;
				CLANG_WARN_OBJC_ROOT_CLASS = YES_ERROR;
				CLANG_WARN_RANGE_LOOP_ANALYSIS = YES;
				CLANG_WARN_STRICT_PROTOTYPES = YES;
				CLANG_WARN_SUSPICIOUS_MOVE = YES;
				CLANG_WARN_UNREACHABLE_CODE = YES;
				CLANG_WARN__DUPLICATE_METHOD_MATCH = YES;
				"CODE_SIGN_IDENTITY[sdk=iphoneos*]" = "iPhone Developer";
				COPY_PHASE_STRIP = NO;
				DEBUG_INFORMATION_FORMAT = "dwarf-with-dsym";
				ENABLE_NS_ASSERTIONS = NO;
				ENABLE_STRICT_OBJC_MSGSEND = YES;
				GCC_C_LANGUAGE_STANDARD = gnu99;
				GCC_NO_COMMON_BLOCKS = YES;
				GCC_WARN_64_TO_32_BIT_CONVERSION = YES;
				GCC_WARN_ABOUT_RETURN_TYPE = YES_ERROR;
				GCC_WARN_UNDECLARED_SELECTOR = YES;
				GCC_WARN_UNINITIALIZED_AUTOS = YES_AGGRESSIVE;
				GCC_WARN_UNUSED_FUNCTION = YES;
				GCC_WARN_UNUSED_VARIABLE = YES;
				IPHONEOS_DEPLOYMENT_TARGET = 10.2;
				MTL_ENABLE_DEBUG_INFO = NO;
				SDKROOT = iphoneos;
				SWIFT_OPTIMIZATION_LEVEL = "-Owholemodule";
				VALIDATE_PRODUCT = YES;
			};
			name = Release;
		};
		AB2990121E93F357003020CD /* Debug */ = {
			isa = XCBuildConfiguration;
			baseConfigurationReference = AEE346F2A9AD169A19031085 /* Pods-MeowlWatchData.debug.xcconfig */;
			buildSettings = {
				APPLICATION_EXTENSION_API_ONLY = YES;
				CLANG_ANALYZER_NUMBER_OBJECT_CONVERSION = YES_AGGRESSIVE;
				CODE_SIGN_IDENTITY = "";
				CURRENT_PROJECT_VERSION = 1;
				DEFINES_MODULE = YES;
				DEVELOPMENT_TEAM = 3A2N53KSLM;
				DYLIB_COMPATIBILITY_VERSION = 1;
				DYLIB_CURRENT_VERSION = 1;
				DYLIB_INSTALL_NAME_BASE = "@rpath";
				INFOPLIST_FILE = "$(SRCROOT)/MeowlWatchData/Info.plist";
				INSTALL_PATH = "$(LOCAL_LIBRARY_DIR)/Frameworks";
				IPHONEOS_DEPLOYMENT_TARGET = 10.0;
				LD_RUNPATH_SEARCH_PATHS = "$(inherited) @executable_path/Frameworks @loader_path/Frameworks";
				PRODUCT_BUNDLE_IDENTIFIER = me.jonathanchan.MeowlWatchData;
				PRODUCT_NAME = "$(TARGET_NAME)";
				SKIP_INSTALL = YES;
				SWIFT_VERSION = 5.0;
				TARGETED_DEVICE_FAMILY = "1,2";
				VERSIONING_SYSTEM = "apple-generic";
				VERSION_INFO_PREFIX = "";
			};
			name = Debug;
		};
		AB2990131E93F357003020CD /* Release */ = {
			isa = XCBuildConfiguration;
			baseConfigurationReference = A86D569867F0D8C549C4AC46 /* Pods-MeowlWatchData.release.xcconfig */;
			buildSettings = {
				APPLICATION_EXTENSION_API_ONLY = YES;
				CLANG_ANALYZER_NUMBER_OBJECT_CONVERSION = YES_AGGRESSIVE;
				CODE_SIGN_IDENTITY = "";
				CURRENT_PROJECT_VERSION = 1;
				DEFINES_MODULE = YES;
				DEVELOPMENT_TEAM = 3A2N53KSLM;
				DYLIB_COMPATIBILITY_VERSION = 1;
				DYLIB_CURRENT_VERSION = 1;
				DYLIB_INSTALL_NAME_BASE = "@rpath";
				INFOPLIST_FILE = "$(SRCROOT)/MeowlWatchData/Info.plist";
				INSTALL_PATH = "$(LOCAL_LIBRARY_DIR)/Frameworks";
				IPHONEOS_DEPLOYMENT_TARGET = 10.0;
				LD_RUNPATH_SEARCH_PATHS = "$(inherited) @executable_path/Frameworks @loader_path/Frameworks";
				PRODUCT_BUNDLE_IDENTIFIER = me.jonathanchan.MeowlWatchData;
				PRODUCT_NAME = "$(TARGET_NAME)";
				SKIP_INSTALL = YES;
				SWIFT_VERSION = 5.0;
				TARGETED_DEVICE_FAMILY = "1,2";
				VERSIONING_SYSTEM = "apple-generic";
				VERSION_INFO_PREFIX = "";
			};
			name = Release;
		};
		AB7782DF1E8242B000925F72 /* Debug */ = {
			isa = XCBuildConfiguration;
			buildSettings = {
				CLANG_ENABLE_MODULES = YES;
				CODE_SIGN_ENTITLEMENTS = "MeowlWatch Widget/MeowlWatch Widget.entitlements";
				DEVELOPMENT_TEAM = 3A2N53KSLM;
				HEADER_SEARCH_PATHS = "$(SDKROOT)/usr/include/libxml2";
				INFOPLIST_FILE = "$(SRCROOT)/MeowlWatch Widget/Info.plist";
				IPHONEOS_DEPLOYMENT_TARGET = 11.0;
				LD_RUNPATH_SEARCH_PATHS = "$(inherited) @executable_path/Frameworks @executable_path/../../Frameworks";
				PRODUCT_BUNDLE_IDENTIFIER = "me.jonathanchan.MeowlWatch.MeowlWatch-Widget";
				PRODUCT_NAME = "$(TARGET_NAME)";
				SKIP_INSTALL = YES;
				SWIFT_OPTIMIZATION_LEVEL = "-Onone";
				SWIFT_VERSION = 5.0;
			};
			name = Debug;
		};
		AB7782E01E8242B000925F72 /* Release */ = {
			isa = XCBuildConfiguration;
			buildSettings = {
				CLANG_ENABLE_MODULES = YES;
				CODE_SIGN_ENTITLEMENTS = "MeowlWatch Widget/MeowlWatch Widget.entitlements";
				DEVELOPMENT_TEAM = 3A2N53KSLM;
				HEADER_SEARCH_PATHS = "$(SDKROOT)/usr/include/libxml2";
				INFOPLIST_FILE = "$(SRCROOT)/MeowlWatch Widget/Info.plist";
				IPHONEOS_DEPLOYMENT_TARGET = 11.0;
				LD_RUNPATH_SEARCH_PATHS = "$(inherited) @executable_path/Frameworks @executable_path/../../Frameworks";
				PRODUCT_BUNDLE_IDENTIFIER = "me.jonathanchan.MeowlWatch.MeowlWatch-Widget";
				PRODUCT_NAME = "$(TARGET_NAME)";
				SKIP_INSTALL = YES;
				SWIFT_VERSION = 5.0;
			};
			name = Release;
		};
		AB77830F1E84460B00925F72 /* Debug */ = {
			isa = XCBuildConfiguration;
			baseConfigurationReference = 97ACFCFB8CE7B512860CBC63 /* Pods-MeowlWatch.debug.xcconfig */;
			buildSettings = {
				ALWAYS_EMBED_SWIFT_STANDARD_LIBRARIES = "$(inherited)";
				ASSETCATALOG_COMPILER_APPICON_NAME = AppIcon;
				CLANG_ENABLE_MODULES = YES;
				CODE_SIGN_ENTITLEMENTS = MeowlWatch/MeowlWatch.entitlements;
				DEVELOPMENT_TEAM = 3A2N53KSLM;
				INFOPLIST_FILE = "$(SRCROOT)/MeowlWatch/Info.plist";
				IPHONEOS_DEPLOYMENT_TARGET = 11.0;
				LD_RUNPATH_SEARCH_PATHS = "$(inherited) @executable_path/Frameworks";
				PRODUCT_BUNDLE_IDENTIFIER = me.jonathanchan.MeowlWatch;
				PRODUCT_NAME = "$(TARGET_NAME)";
				SWIFT_OPTIMIZATION_LEVEL = "-Onone";
				SWIFT_VERSION = 5.0;
			};
			name = Debug;
		};
		AB7783101E84460B00925F72 /* Release */ = {
			isa = XCBuildConfiguration;
			baseConfigurationReference = 251C66331C19E70BC36CD253 /* Pods-MeowlWatch.release.xcconfig */;
			buildSettings = {
				ALWAYS_EMBED_SWIFT_STANDARD_LIBRARIES = "$(inherited)";
				ASSETCATALOG_COMPILER_APPICON_NAME = AppIcon;
				CLANG_ENABLE_MODULES = YES;
				CODE_SIGN_ENTITLEMENTS = MeowlWatch/MeowlWatch.entitlements;
				DEVELOPMENT_TEAM = 3A2N53KSLM;
				INFOPLIST_FILE = "$(SRCROOT)/MeowlWatch/Info.plist";
				IPHONEOS_DEPLOYMENT_TARGET = 11.0;
				LD_RUNPATH_SEARCH_PATHS = "$(inherited) @executable_path/Frameworks";
				PRODUCT_BUNDLE_IDENTIFIER = me.jonathanchan.MeowlWatch;
				PRODUCT_NAME = "$(TARGET_NAME)";
				SWIFT_VERSION = 5.0;
			};
			name = Release;
		};
		AB7B7FD91E8E9F0500272655 /* Debug */ = {
			isa = XCBuildConfiguration;
			baseConfigurationReference = 565657FBEBA0882267C0C7AF /* Pods-MeowlWatch Full.debug.xcconfig */;
			buildSettings = {
				ALWAYS_EMBED_SWIFT_STANDARD_LIBRARIES = "$(inherited)";
				ASSETCATALOG_COMPILER_APPICON_NAME = AppIcon;
				CLANG_ENABLE_MODULES = YES;
				CODE_SIGN_ENTITLEMENTS = MeowlWatch/MeowlWatch.entitlements;
				DEVELOPMENT_TEAM = 3A2N53KSLM;
				INFOPLIST_FILE = "$(SRCROOT)/MeowlWatch/Info.plist";
				IPHONEOS_DEPLOYMENT_TARGET = 11.0;
				LD_RUNPATH_SEARCH_PATHS = "$(inherited) @executable_path/Frameworks";
				OTHER_SWIFT_FLAGS = "$(inherited) \"-D\" \"MEOWLWATCH_FULL\"";
				PRODUCT_BUNDLE_IDENTIFIER = me.jonathanchan.MeowlWatch;
				PRODUCT_NAME = "$(TARGET_NAME)";
				SWIFT_OPTIMIZATION_LEVEL = "-Onone";
				SWIFT_VERSION = 4.2;
			};
			name = Debug;
		};
		AB7B7FDA1E8E9F0500272655 /* Release */ = {
			isa = XCBuildConfiguration;
			baseConfigurationReference = 56114557925487238465C451 /* Pods-MeowlWatch Full.release.xcconfig */;
			buildSettings = {
				ALWAYS_EMBED_SWIFT_STANDARD_LIBRARIES = "$(inherited)";
				ASSETCATALOG_COMPILER_APPICON_NAME = AppIcon;
				CLANG_ENABLE_MODULES = YES;
				CODE_SIGN_ENTITLEMENTS = MeowlWatch/MeowlWatch.entitlements;
				DEVELOPMENT_TEAM = 3A2N53KSLM;
				INFOPLIST_FILE = "$(SRCROOT)/MeowlWatch/Info.plist";
				IPHONEOS_DEPLOYMENT_TARGET = 11.0;
				LD_RUNPATH_SEARCH_PATHS = "$(inherited) @executable_path/Frameworks";
				OTHER_SWIFT_FLAGS = "$(inherited) \"-D\" \"MEOWLWATCH_FULL\"";
				PRODUCT_BUNDLE_IDENTIFIER = me.jonathanchan.MeowlWatch;
				PRODUCT_NAME = "$(TARGET_NAME)";
				SWIFT_VERSION = 4.2;
			};
			name = Release;
		};
		ABF6FE6A2229DE2D00C7D831 /* Debug */ = {
			isa = XCBuildConfiguration;
			buildSettings = {
				BUNDLE_LOADER = "$(TEST_HOST)";
				CLANG_ANALYZER_NUMBER_OBJECT_CONVERSION = YES_AGGRESSIVE;
				CLANG_CXX_LANGUAGE_STANDARD = "gnu++14";
				CLANG_ENABLE_MODULES = YES;
				CLANG_ENABLE_OBJC_WEAK = YES;
				CLANG_WARN_UNGUARDED_AVAILABILITY = YES_AGGRESSIVE;
				CODE_SIGN_IDENTITY = "iPhone Developer";
				CODE_SIGN_STYLE = Automatic;
				DEVELOPMENT_TEAM = 3A2N53KSLM;
				GCC_C_LANGUAGE_STANDARD = gnu11;
				INFOPLIST_FILE = MeowlWatchTests/Info.plist;
				IPHONEOS_DEPLOYMENT_TARGET = 12.1;
				LD_RUNPATH_SEARCH_PATHS = "$(inherited) @executable_path/Frameworks @loader_path/Frameworks";
				MTL_ENABLE_DEBUG_INFO = INCLUDE_SOURCE;
				MTL_FAST_MATH = YES;
				PRODUCT_BUNDLE_IDENTIFIER = me.jonathanchan.MeowlWatchTests;
				PRODUCT_NAME = "$(TARGET_NAME)";
				SWIFT_OPTIMIZATION_LEVEL = "-Onone";
				SWIFT_VERSION = 5.0;
				TARGETED_DEVICE_FAMILY = "1,2";
				TEST_HOST = "$(BUILT_PRODUCTS_DIR)/MeowlWatch.app/MeowlWatch";
			};
			name = Debug;
		};
		ABF6FE6B2229DE2D00C7D831 /* Release */ = {
			isa = XCBuildConfiguration;
			buildSettings = {
				BUNDLE_LOADER = "$(TEST_HOST)";
				CLANG_ANALYZER_NUMBER_OBJECT_CONVERSION = YES_AGGRESSIVE;
				CLANG_CXX_LANGUAGE_STANDARD = "gnu++14";
				CLANG_ENABLE_MODULES = YES;
				CLANG_ENABLE_OBJC_WEAK = YES;
				CLANG_WARN_UNGUARDED_AVAILABILITY = YES_AGGRESSIVE;
				CODE_SIGN_IDENTITY = "iPhone Developer";
				CODE_SIGN_STYLE = Automatic;
				DEVELOPMENT_TEAM = 3A2N53KSLM;
				GCC_C_LANGUAGE_STANDARD = gnu11;
				INFOPLIST_FILE = MeowlWatchTests/Info.plist;
				IPHONEOS_DEPLOYMENT_TARGET = 12.1;
				LD_RUNPATH_SEARCH_PATHS = "$(inherited) @executable_path/Frameworks @loader_path/Frameworks";
				MTL_FAST_MATH = YES;
				PRODUCT_BUNDLE_IDENTIFIER = me.jonathanchan.MeowlWatchTests;
				PRODUCT_NAME = "$(TARGET_NAME)";
				SWIFT_VERSION = 5.0;
				TARGETED_DEVICE_FAMILY = "1,2";
				TEST_HOST = "$(BUILT_PRODUCTS_DIR)/MeowlWatch.app/MeowlWatch";
			};
			name = Release;
		};
/* End XCBuildConfiguration section */

/* Begin XCConfigurationList section */
		AB27C1DD1E7CCCAC00A90072 /* Build configuration list for PBXProject "MeowlWatch" */ = {
			isa = XCConfigurationList;
			buildConfigurations = (
				AB27C1F21E7CCCAC00A90072 /* Debug */,
				AB27C1F31E7CCCAC00A90072 /* Release */,
			);
			defaultConfigurationIsVisible = 0;
			defaultConfigurationName = Release;
		};
		AB2990111E93F357003020CD /* Build configuration list for PBXNativeTarget "MeowlWatchData" */ = {
			isa = XCConfigurationList;
			buildConfigurations = (
				AB2990121E93F357003020CD /* Debug */,
				AB2990131E93F357003020CD /* Release */,
			);
			defaultConfigurationIsVisible = 0;
			defaultConfigurationName = Release;
		};
		AB7782DE1E8242B000925F72 /* Build configuration list for PBXNativeTarget "MeowlWatch Widget" */ = {
			isa = XCConfigurationList;
			buildConfigurations = (
				AB7782DF1E8242B000925F72 /* Debug */,
				AB7782E01E8242B000925F72 /* Release */,
			);
			defaultConfigurationIsVisible = 0;
			defaultConfigurationName = Release;
		};
		AB77830E1E84460B00925F72 /* Build configuration list for PBXNativeTarget "MeowlWatch" */ = {
			isa = XCConfigurationList;
			buildConfigurations = (
				AB77830F1E84460B00925F72 /* Debug */,
				AB7783101E84460B00925F72 /* Release */,
			);
			defaultConfigurationIsVisible = 0;
			defaultConfigurationName = Release;
		};
		AB7B7FD81E8E9F0500272655 /* Build configuration list for PBXNativeTarget "MeowlWatch Full" */ = {
			isa = XCConfigurationList;
			buildConfigurations = (
				AB7B7FD91E8E9F0500272655 /* Debug */,
				AB7B7FDA1E8E9F0500272655 /* Release */,
			);
			defaultConfigurationIsVisible = 0;
			defaultConfigurationName = Release;
		};
		ABF6FE6C2229DE2D00C7D831 /* Build configuration list for PBXNativeTarget "MeowlWatchTests" */ = {
			isa = XCConfigurationList;
			buildConfigurations = (
				ABF6FE6A2229DE2D00C7D831 /* Debug */,
				ABF6FE6B2229DE2D00C7D831 /* Release */,
			);
			defaultConfigurationIsVisible = 0;
			defaultConfigurationName = Release;
		};
/* End XCConfigurationList section */
	};
	rootObject = AB27C1DA1E7CCCAC00A90072 /* Project object */;
}
